<?xml version="1.0" encoding="UTF-8"?>
<!DOCTYPE plist PUBLIC "-//Apple//DTD PLIST 1.0//EN" "http://www.apple.com/DTDs/PropertyList-1.0.dtd">
<plist version="1.0">
<dict>
	<key>archiveVersion</key>
	<string>1</string>
	<key>classes</key>
	<dict/>
	<key>objectVersion</key>
	<string>46</string>
	<key>objects</key>
	<dict>
		<key>024327001C7CA881009893B8</key>
		<dict>
			<key>fileEncoding</key>
			<string>4</string>
			<key>isa</key>
			<string>PBXFileReference</string>
			<key>lastKnownFileType</key>
			<string>sourcecode.swift</string>
			<key>path</key>
			<string>KSTimelineCollectionViewCell.swift</string>
			<key>sourceTree</key>
			<string>&lt;group&gt;</string>
		</dict>
		<key>024327011C7CA881009893B8</key>
		<dict>
			<key>fileRef</key>
			<string>024327001C7CA881009893B8</string>
			<key>isa</key>
			<string>PBXBuildFile</string>
		</dict>
		<key>024327021C7CC9EA009893B8</key>
		<dict>
			<key>fileEncoding</key>
			<string>4</string>
			<key>isa</key>
			<string>PBXFileReference</string>
			<key>lastKnownFileType</key>
			<string>sourcecode.swift</string>
			<key>path</key>
			<string>CenterCellCollectionViewFlowLayout.swift</string>
			<key>sourceTree</key>
			<string>&lt;group&gt;</string>
		</dict>
		<key>024327031C7CC9EA009893B8</key>
		<dict>
			<key>fileRef</key>
			<string>024327021C7CC9EA009893B8</string>
			<key>isa</key>
			<string>PBXBuildFile</string>
		</dict>
		<key>0256D2BB1C95988700B8CD4B</key>
		<dict>
			<key>fileEncoding</key>
			<string>4</string>
			<key>isa</key>
			<string>PBXFileReference</string>
			<key>lastKnownFileType</key>
			<string>sourcecode.swift</string>
			<key>path</key>
			<string>ProfileViewController.swift</string>
			<key>sourceTree</key>
			<string>&lt;group&gt;</string>
		</dict>
		<key>0256D2BC1C95988700B8CD4B</key>
		<dict>
			<key>fileRef</key>
			<string>0256D2BB1C95988700B8CD4B</string>
			<key>isa</key>
			<string>PBXBuildFile</string>
		</dict>
		<key>0256D2BD1C95989300B8CD4B</key>
		<dict>
			<key>fileEncoding</key>
			<string>4</string>
			<key>isa</key>
			<string>PBXFileReference</string>
			<key>lastKnownFileType</key>
			<string>sourcecode.swift</string>
			<key>path</key>
			<string>DetailViewController.swift</string>
			<key>sourceTree</key>
			<string>&lt;group&gt;</string>
		</dict>
		<key>0256D2BE1C95989300B8CD4B</key>
		<dict>
			<key>fileRef</key>
			<string>0256D2BD1C95989300B8CD4B</string>
			<key>isa</key>
			<string>PBXBuildFile</string>
		</dict>
		<key>0256D2BF1C95A35C00B8CD4B</key>
		<dict>
			<key>fileEncoding</key>
			<string>4</string>
			<key>isa</key>
			<string>PBXFileReference</string>
			<key>lastKnownFileType</key>
			<string>sourcecode.swift</string>
			<key>path</key>
			<string>TimelineDetailTableViewCell.swift</string>
			<key>sourceTree</key>
			<string>&lt;group&gt;</string>
		</dict>
		<key>0256D2C01C95A35C00B8CD4B</key>
		<dict>
			<key>fileRef</key>
			<string>0256D2BF1C95A35C00B8CD4B</string>
			<key>isa</key>
			<string>PBXBuildFile</string>
		</dict>
		<key>0256D3041C99774700B8CD4B</key>
		<dict>
			<key>children</key>
			<array>
				<string>0256D3101C9978CD00B8CD4B</string>
				<string>0256D3111C9978ED00B8CD4B</string>
				<string>0256D3131C9978FD00B8CD4B</string>
				<string>0256D3151C99790E00B8CD4B</string>
			</array>
			<key>isa</key>
			<string>PBXGroup</string>
			<key>name</key>
			<string>WebViews</string>
			<key>sourceTree</key>
			<string>&lt;group&gt;</string>
		</dict>
		<key>0256D3051C99775700B8CD4B</key>
		<dict>
			<key>fileEncoding</key>
			<string>4</string>
			<key>isa</key>
			<string>PBXFileReference</string>
			<key>lastKnownFileType</key>
			<string>sourcecode.swift</string>
			<key>path</key>
			<string>SwiftModalWebVC.swift</string>
			<key>sourceTree</key>
			<string>&lt;group&gt;</string>
		</dict>
		<key>0256D3061C99775700B8CD4B</key>
		<dict>
			<key>fileEncoding</key>
			<string>4</string>
			<key>isa</key>
			<string>PBXFileReference</string>
			<key>lastKnownFileType</key>
			<string>sourcecode.swift</string>
			<key>path</key>
			<string>SwiftWebVCActivityChrome.swift</string>
			<key>sourceTree</key>
			<string>&lt;group&gt;</string>
		</dict>
		<key>0256D3071C99775700B8CD4B</key>
		<dict>
			<key>fileEncoding</key>
			<string>4</string>
			<key>isa</key>
			<string>PBXFileReference</string>
			<key>lastKnownFileType</key>
			<string>sourcecode.swift</string>
			<key>path</key>
			<string>SwiftWebVCActivity.swift</string>
			<key>sourceTree</key>
			<string>&lt;group&gt;</string>
		</dict>
		<key>0256D3081C99775700B8CD4B</key>
		<dict>
			<key>fileEncoding</key>
			<string>4</string>
			<key>isa</key>
			<string>PBXFileReference</string>
			<key>lastKnownFileType</key>
			<string>sourcecode.swift</string>
			<key>path</key>
			<string>SwiftWebVCActivitySafari.swift</string>
			<key>sourceTree</key>
			<string>&lt;group&gt;</string>
		</dict>
		<key>0256D3091C99775700B8CD4B</key>
		<dict>
			<key>fileEncoding</key>
			<string>4</string>
			<key>isa</key>
			<string>PBXFileReference</string>
			<key>lastKnownFileType</key>
			<string>sourcecode.swift</string>
			<key>path</key>
			<string>SwiftWebVC.swift</string>
			<key>sourceTree</key>
			<string>&lt;group&gt;</string>
		</dict>
		<key>0256D30A1C99775800B8CD4B</key>
		<dict>
			<key>fileRef</key>
			<string>0256D3051C99775700B8CD4B</string>
			<key>isa</key>
			<string>PBXBuildFile</string>
		</dict>
		<key>0256D30B1C99775800B8CD4B</key>
		<dict>
			<key>fileRef</key>
			<string>0256D3061C99775700B8CD4B</string>
			<key>isa</key>
			<string>PBXBuildFile</string>
		</dict>
		<key>0256D30C1C99775800B8CD4B</key>
		<dict>
			<key>fileRef</key>
			<string>0256D3071C99775700B8CD4B</string>
			<key>isa</key>
			<string>PBXBuildFile</string>
		</dict>
		<key>0256D30D1C99775800B8CD4B</key>
		<dict>
			<key>fileRef</key>
			<string>0256D3081C99775700B8CD4B</string>
			<key>isa</key>
			<string>PBXBuildFile</string>
		</dict>
		<key>0256D30E1C99775800B8CD4B</key>
		<dict>
			<key>fileRef</key>
			<string>0256D3091C99775700B8CD4B</string>
			<key>isa</key>
			<string>PBXBuildFile</string>
		</dict>
		<key>0256D3101C9978CD00B8CD4B</key>
		<dict>
			<key>children</key>
			<array>
				<string>0256D3051C99775700B8CD4B</string>
				<string>0256D3061C99775700B8CD4B</string>
				<string>0256D3071C99775700B8CD4B</string>
				<string>0256D3081C99775700B8CD4B</string>
				<string>0256D3091C99775700B8CD4B</string>
				<string>0256D3171C997C4E00B8CD4B</string>
			</array>
			<key>isa</key>
			<string>PBXGroup</string>
			<key>name</key>
			<string>SwiftWebVC</string>
			<key>sourceTree</key>
			<string>&lt;group&gt;</string>
		</dict>
		<key>0256D3111C9978ED00B8CD4B</key>
		<dict>
			<key>fileEncoding</key>
			<string>4</string>
			<key>isa</key>
			<string>PBXFileReference</string>
			<key>lastKnownFileType</key>
			<string>sourcecode.swift</string>
			<key>path</key>
			<string>NiceKicksViewController.swift</string>
			<key>sourceTree</key>
			<string>&lt;group&gt;</string>
		</dict>
		<key>0256D3121C9978ED00B8CD4B</key>
		<dict>
			<key>fileRef</key>
			<string>0256D3111C9978ED00B8CD4B</string>
			<key>isa</key>
			<string>PBXBuildFile</string>
		</dict>
		<key>0256D3131C9978FD00B8CD4B</key>
		<dict>
			<key>fileEncoding</key>
			<string>4</string>
			<key>isa</key>
			<string>PBXFileReference</string>
			<key>lastKnownFileType</key>
			<string>sourcecode.swift</string>
			<key>path</key>
			<string>SoleCollectorViewController.swift</string>
			<key>sourceTree</key>
			<string>&lt;group&gt;</string>
		</dict>
		<key>0256D3141C9978FD00B8CD4B</key>
		<dict>
			<key>fileRef</key>
			<string>0256D3131C9978FD00B8CD4B</string>
			<key>isa</key>
			<string>PBXBuildFile</string>
		</dict>
		<key>0256D3151C99790E00B8CD4B</key>
		<dict>
			<key>fileEncoding</key>
			<string>4</string>
			<key>isa</key>
			<string>PBXFileReference</string>
			<key>lastKnownFileType</key>
			<string>sourcecode.swift</string>
			<key>path</key>
			<string>MJisBackViewController.swift</string>
			<key>sourceTree</key>
			<string>&lt;group&gt;</string>
		</dict>
		<key>0256D3161C99790E00B8CD4B</key>
		<dict>
			<key>fileRef</key>
			<string>0256D3151C99790E00B8CD4B</string>
			<key>isa</key>
			<string>PBXBuildFile</string>
		</dict>
		<key>0256D3171C997C4E00B8CD4B</key>
		<dict>
			<key>isa</key>
			<string>PBXFileReference</string>
			<key>lastKnownFileType</key>
			<string>wrapper.plug-in</string>
			<key>path</key>
			<string>SwiftWebVC.bundle</string>
			<key>sourceTree</key>
			<string>&lt;group&gt;</string>
		</dict>
		<key>0256D3181C997C4E00B8CD4B</key>
		<dict>
			<key>fileRef</key>
			<string>0256D3171C997C4E00B8CD4B</string>
			<key>isa</key>
			<string>PBXBuildFile</string>
		</dict>
		<key>0262DDFA1CA4A5D500322D89</key>
		<dict>
			<key>fileEncoding</key>
			<string>4</string>
			<key>isa</key>
			<string>PBXFileReference</string>
			<key>lastKnownFileType</key>
			<string>sourcecode.swift</string>
			<key>path</key>
			<string>KSThemesViewController.swift</string>
			<key>sourceTree</key>
			<string>&lt;group&gt;</string>
		</dict>
		<key>0262DDFB1CA4A5D500322D89</key>
		<dict>
			<key>fileRef</key>
			<string>0262DDFA1CA4A5D500322D89</string>
			<key>isa</key>
			<string>PBXBuildFile</string>
		</dict>
		<key>0262DDFC1CA4A74300322D89</key>
		<dict>
			<key>fileEncoding</key>
			<string>4</string>
			<key>isa</key>
			<string>PBXFileReference</string>
			<key>lastKnownFileType</key>
			<string>sourcecode.swift</string>
			<key>path</key>
			<string>ThemesTableViewCell.swift</string>
			<key>sourceTree</key>
			<string>&lt;group&gt;</string>
		</dict>
		<key>0262DDFD1CA4A74300322D89</key>
		<dict>
			<key>fileRef</key>
			<string>0262DDFC1CA4A74300322D89</string>
			<key>isa</key>
			<string>PBXBuildFile</string>
		</dict>
		<key>02A3ACDF1C9EFEAC00D429ED</key>
		<dict>
			<key>children</key>
			<array>
				<string>02A3ACE01C9EFEBF00D429ED</string>
			</array>
			<key>isa</key>
			<string>PBXGroup</string>
			<key>name</key>
			<string>Themes</string>
			<key>sourceTree</key>
			<string>&lt;group&gt;</string>
		</dict>
		<key>02A3ACE01C9EFEBF00D429ED</key>
		<dict>
			<key>fileEncoding</key>
			<string>4</string>
			<key>isa</key>
			<string>PBXFileReference</string>
			<key>lastKnownFileType</key>
			<string>sourcecode.swift</string>
			<key>path</key>
			<string>Themes.swift</string>
			<key>sourceTree</key>
			<string>&lt;group&gt;</string>
		</dict>
		<key>02A3ACE11C9EFEBF00D429ED</key>
		<dict>
			<key>fileRef</key>
			<string>02A3ACE01C9EFEBF00D429ED</string>
			<key>isa</key>
			<string>PBXBuildFile</string>
		</dict>
		<key>02B2A83E1CAC17950099A244</key>
		<dict>
			<key>fileEncoding</key>
			<string>4</string>
			<key>isa</key>
			<string>PBXFileReference</string>
			<key>lastKnownFileType</key>
			<string>sourcecode.swift</string>
			<key>path</key>
			<string>ExamplesDefaults.swift</string>
			<key>sourceTree</key>
			<string>&lt;group&gt;</string>
		</dict>
		<key>02B2A83F1CAC17950099A244</key>
		<dict>
			<key>fileRef</key>
			<string>02B2A83E1CAC17950099A244</string>
			<key>isa</key>
			<string>PBXBuildFile</string>
		</dict>
		<key>02B2A8401CAC18270099A244</key>
		<dict>
			<key>fileEncoding</key>
			<string>4</string>
			<key>isa</key>
			<string>PBXFileReference</string>
			<key>lastKnownFileType</key>
			<string>sourcecode.swift</string>
			<key>path</key>
			<string>Env.swift</string>
			<key>sourceTree</key>
			<string>&lt;group&gt;</string>
		</dict>
		<key>02B2A8411CAC18270099A244</key>
		<dict>
			<key>fileRef</key>
			<string>02B2A8401CAC18270099A244</string>
			<key>isa</key>
			<string>PBXBuildFile</string>
		</dict>
		<key>02DED1CD1C91D3450098DA39</key>
		<dict>
			<key>fileEncoding</key>
			<string>4</string>
			<key>isa</key>
			<string>PBXFileReference</string>
			<key>lastKnownFileType</key>
			<string>sourcecode.swift</string>
			<key>path</key>
			<string>KSTabBarController.swift</string>
			<key>sourceTree</key>
			<string>&lt;group&gt;</string>
		</dict>
		<key>02DED1CE1C91D3460098DA39</key>
		<dict>
			<key>fileRef</key>
			<string>02DED1CD1C91D3450098DA39</string>
			<key>isa</key>
			<string>PBXBuildFile</string>
		</dict>
		<key>02DED1CF1C91D3740098DA39</key>
		<dict>
			<key>fileEncoding</key>
			<string>4</string>
			<key>isa</key>
			<string>PBXFileReference</string>
			<key>lastKnownFileType</key>
			<string>sourcecode.swift</string>
			<key>path</key>
			<string>KSNavigationController.swift</string>
			<key>sourceTree</key>
			<string>&lt;group&gt;</string>
		</dict>
		<key>02DED1D01C91D3740098DA39</key>
		<dict>
			<key>fileRef</key>
			<string>02DED1CF1C91D3740098DA39</string>
			<key>isa</key>
			<string>PBXBuildFile</string>
		</dict>
		<key>34AD2EBECE4B71640F5CEE37</key>
		<dict>
			<key>includeInIndex</key>
			<string>1</string>
			<key>isa</key>
			<string>PBXFileReference</string>
			<key>lastKnownFileType</key>
			<string>text.xcconfig</string>
			<key>name</key>
			<string>Pods-KickSwap.release.xcconfig</string>
			<key>path</key>
			<string>Pods/Target Support Files/Pods-KickSwap/Pods-KickSwap.release.xcconfig</string>
			<key>sourceTree</key>
			<string>&lt;group&gt;</string>
		</dict>
		<key>36E90389BB7A5A7BA44CA069</key>
		<dict>
			<key>fileRef</key>
			<string>F531BF9D651271C570BAD3E8</string>
			<key>isa</key>
			<string>PBXBuildFile</string>
		</dict>
		<key>41E2FA5567107B7276EF2381</key>
		<dict>
			<key>buildActionMask</key>
			<string>2147483647</string>
			<key>files</key>
			<array/>
			<key>inputPaths</key>
			<array/>
			<key>isa</key>
			<string>PBXShellScriptBuildPhase</string>
			<key>name</key>
			<string>Embed Pods Frameworks</string>
			<key>outputPaths</key>
			<array/>
			<key>runOnlyForDeploymentPostprocessing</key>
			<string>0</string>
			<key>shellPath</key>
			<string>/bin/sh</string>
			<key>shellScript</key>
			<string>"${SRCROOT}/Pods/Target Support Files/Pods-KickSwap/Pods-KickSwap-frameworks.sh"
</string>
			<key>showEnvVarsInLog</key>
			<string>0</string>
		</dict>
		<key>41F5A27C7BAD7F9E4C6061A3</key>
		<dict>
			<key>buildActionMask</key>
			<string>2147483647</string>
			<key>files</key>
			<array/>
			<key>inputPaths</key>
			<array/>
			<key>isa</key>
			<string>PBXShellScriptBuildPhase</string>
			<key>name</key>
			<string>Copy Pods Resources</string>
			<key>outputPaths</key>
			<array/>
			<key>runOnlyForDeploymentPostprocessing</key>
			<string>0</string>
			<key>shellPath</key>
			<string>/bin/sh</string>
			<key>shellScript</key>
			<string>"${SRCROOT}/Pods/Target Support Files/Pods-KickSwap/Pods-KickSwap-resources.sh"
</string>
			<key>showEnvVarsInLog</key>
			<string>0</string>
		</dict>
		<key>471282921C7E15170007855B</key>
		<dict>
			<key>fileEncoding</key>
			<string>4</string>
			<key>isa</key>
			<string>PBXFileReference</string>
			<key>lastKnownFileType</key>
			<string>sourcecode.swift</string>
			<key>path</key>
			<string>LogoButton.swift</string>
			<key>sourceTree</key>
			<string>&lt;group&gt;</string>
		</dict>
		<key>471282931C7E15170007855B</key>
		<dict>
			<key>fileRef</key>
			<string>471282921C7E15170007855B</string>
			<key>isa</key>
			<string>PBXBuildFile</string>
		</dict>
		<key>476D6B7B1C999860000842AF</key>
		<dict>
			<key>fileEncoding</key>
			<string>4</string>
			<key>isa</key>
			<string>PBXFileReference</string>
			<key>lastKnownFileType</key>
			<string>sourcecode.swift</string>
			<key>path</key>
			<string>Release.swift</string>
			<key>sourceTree</key>
			<string>&lt;group&gt;</string>
		</dict>
		<key>476D6B7C1C999860000842AF</key>
		<dict>
			<key>fileRef</key>
			<string>476D6B7B1C999860000842AF</string>
			<key>isa</key>
			<string>PBXBuildFile</string>
		</dict>
		<key>477970D01C630306000F1196</key>
		<dict>
			<key>children</key>
			<array>
				<string>477970DB1C630306000F1196</string>
				<string>477970DA1C630306000F1196</string>
				<string>57B5DE0BCF0A4B322D6BF5BF</string>
				<string>B2714DF80CF8FE2137C08BAA</string>
			</array>
			<key>isa</key>
			<string>PBXGroup</string>
			<key>sourceTree</key>
			<string>&lt;group&gt;</string>
		</dict>
		<key>477970D11C630306000F1196</key>
		<dict>
			<key>attributes</key>
			<dict>
				<key>LastSwiftUpdateCheck</key>
				<string>0720</string>
				<key>LastUpgradeCheck</key>
				<string>0720</string>
				<key>ORGANIZATIONNAME</key>
				<string>Hugh A. Miles II</string>
				<key>TargetAttributes</key>
				<dict>
					<key>477970D81C630306000F1196</key>
					<dict>
						<key>CreatedOnToolsVersion</key>
						<string>7.2</string>
						<key>DevelopmentTeam</key>
						<string>ELJV42N84Z</string>
					</dict>
				</dict>
			</dict>
			<key>buildConfigurationList</key>
			<string>477970D41C630306000F1196</string>
			<key>compatibilityVersion</key>
			<string>Xcode 3.2</string>
			<key>developmentRegion</key>
			<string>English</string>
			<key>hasScannedForEncodings</key>
			<string>0</string>
			<key>isa</key>
			<string>PBXProject</string>
			<key>knownRegions</key>
			<array>
				<string>en</string>
				<string>Base</string>
			</array>
			<key>mainGroup</key>
			<string>477970D01C630306000F1196</string>
			<key>productRefGroup</key>
			<string>477970DA1C630306000F1196</string>
			<key>projectDirPath</key>
			<string></string>
			<key>projectReferences</key>
			<array/>
			<key>projectRoot</key>
			<string></string>
			<key>targets</key>
			<array>
				<string>477970D81C630306000F1196</string>
			</array>
		</dict>
		<key>477970D41C630306000F1196</key>
		<dict>
			<key>buildConfigurations</key>
			<array>
				<string>477970EC1C630306000F1196</string>
				<string>477970ED1C630306000F1196</string>
			</array>
			<key>defaultConfigurationIsVisible</key>
			<string>0</string>
			<key>defaultConfigurationName</key>
			<string>Release</string>
			<key>isa</key>
			<string>XCConfigurationList</string>
		</dict>
		<key>477970D51C630306000F1196</key>
		<dict>
			<key>buildActionMask</key>
			<string>2147483647</string>
			<key>files</key>
			<array>
				<string>0256D30B1C99775800B8CD4B</string>
				<string>0262DDFD1CA4A74300322D89</string>
				<string>47BBC0FA1C7E8B6D007DFF67</string>
				<string>47AE58831C75730A007AB49E</string>
				<string>47B90F051C7F6F9B006B4BD6</string>
				<string>0256D3161C99790E00B8CD4B</string>
				<string>0256D30D1C99775800B8CD4B</string>
				<string>A1E02DAD1C920F3B00F3BC92</string>
				<string>0256D2BE1C95989300B8CD4B</string>
				<string>47AE58801C756A42007AB49E</string>
				<string>A198C0611C82136B001C69E0</string>
				<string>0262DDFB1CA4A5D500322D89</string>
				<string>024327011C7CA881009893B8</string>
				<string>0256D2BC1C95988700B8CD4B</string>
				<string>024327031C7CC9EA009893B8</string>
				<string>47BBC0FB1C7E8B6D007DFF67</string>
				<string>02B2A83F1CAC17950099A244</string>
				<string>A198C05F1C820287001C69E0</string>
				<string>0256D2C01C95A35C00B8CD4B</string>
				<string>47AE58881C769904007AB49E</string>
				<string>02A3ACE11C9EFEBF00D429ED</string>
				<string>47BBC0FC1C7E8B6D007DFF67</string>
				<string>0256D30E1C99775800B8CD4B</string>
				<string>476D6B7C1C999860000842AF</string>
				<string>0256D3141C9978FD00B8CD4B</string>
				<string>47AE588A1C769C2F007AB49E</string>
				<string>0256D30C1C99775800B8CD4B</string>
				<string>4789AC1F1C99813C002907CA</string>
				<string>477970DF1C630306000F1196</string>
				<string>477970DD1C630306000F1196</string>
				<string>0256D3121C9978ED00B8CD4B</string>
				<string>02DED1D01C91D3740098DA39</string>
				<string>0256D30A1C99775800B8CD4B</string>
				<string>02B2A8411CAC18270099A244</string>
				<string>477970E51C630306000F1196</string>
				<string>47AE58861C75F5D8007AB49E</string>
				<string>4789AC1D1C998076002907CA</string>
				<string>47BBC0F91C7E8B6D007DFF67</string>
				<string>02DED1CE1C91D3460098DA39</string>
				<string>47B90F071C7F6FA9006B4BD6</string>
				<string>471282931C7E15170007855B</string>
			</array>
			<key>isa</key>
			<string>PBXSourcesBuildPhase</string>
			<key>runOnlyForDeploymentPostprocessing</key>
			<string>0</string>
		</dict>
		<key>477970D61C630306000F1196</key>
		<dict>
			<key>buildActionMask</key>
			<string>2147483647</string>
			<key>files</key>
			<array>
				<string>36E90389BB7A5A7BA44CA069</string>
			</array>
			<key>isa</key>
			<string>PBXFrameworksBuildPhase</string>
			<key>runOnlyForDeploymentPostprocessing</key>
			<string>0</string>
		</dict>
		<key>477970D71C630306000F1196</key>
		<dict>
			<key>buildActionMask</key>
			<string>2147483647</string>
			<key>files</key>
			<array>
				<string>477970EA1C630306000F1196</string>
				<string>0256D3181C997C4E00B8CD4B</string>
				<string>477970E71C630306000F1196</string>
				<string>477970E21C630306000F1196</string>
			</array>
			<key>isa</key>
			<string>PBXResourcesBuildPhase</string>
			<key>runOnlyForDeploymentPostprocessing</key>
			<string>0</string>
		</dict>
		<key>477970D81C630306000F1196</key>
		<dict>
			<key>buildConfigurationList</key>
			<string>477970EE1C630306000F1196</string>
			<key>buildPhases</key>
			<array>
				<string>F2CC9D6EFCAED1CCF9841F26</string>
				<string>477970D51C630306000F1196</string>
				<string>477970D61C630306000F1196</string>
				<string>477970D71C630306000F1196</string>
				<string>41E2FA5567107B7276EF2381</string>
				<string>41F5A27C7BAD7F9E4C6061A3</string>
			</array>
			<key>buildRules</key>
			<array/>
			<key>dependencies</key>
			<array/>
			<key>isa</key>
			<string>PBXNativeTarget</string>
			<key>name</key>
			<string>KickSwap</string>
			<key>productName</key>
			<string>KickSwap</string>
			<key>productReference</key>
			<string>477970D91C630306000F1196</string>
			<key>productType</key>
			<string>com.apple.product-type.application</string>
		</dict>
		<key>477970D91C630306000F1196</key>
		<dict>
			<key>explicitFileType</key>
			<string>wrapper.application</string>
			<key>includeInIndex</key>
			<string>0</string>
			<key>isa</key>
			<string>PBXFileReference</string>
			<key>path</key>
			<string>KickSwap.app</string>
			<key>sourceTree</key>
			<string>BUILT_PRODUCTS_DIR</string>
		</dict>
		<key>477970DA1C630306000F1196</key>
		<dict>
			<key>children</key>
			<array>
				<string>477970D91C630306000F1196</string>
			</array>
			<key>isa</key>
			<string>PBXGroup</string>
			<key>name</key>
			<string>Products</string>
			<key>sourceTree</key>
			<string>&lt;group&gt;</string>
		</dict>
		<key>477970DB1C630306000F1196</key>
		<dict>
			<key>children</key>
			<array>
				<string>02A3ACDF1C9EFEAC00D429ED</string>
				<string>47AE58811C7572F5007AB49E</string>
				<string>47BBC0FD1C7EC4EB007DFF67</string>
				<string>47AE587E1C756A2D007AB49E</string>
				<string>47AE58841C758D72007AB49E</string>
				<string>477970E01C630306000F1196</string>
				<string>477970DC1C630306000F1196</string>
				<string>477970E61C630306000F1196</string>
				<string>477970E81C630306000F1196</string>
				<string>477970EB1C630306000F1196</string>
				<string>477970E31C630306000F1196</string>
			</array>
			<key>isa</key>
			<string>PBXGroup</string>
			<key>path</key>
			<string>KickSwap</string>
			<key>sourceTree</key>
			<string>&lt;group&gt;</string>
		</dict>
		<key>477970DC1C630306000F1196</key>
		<dict>
			<key>isa</key>
			<string>PBXFileReference</string>
			<key>lastKnownFileType</key>
			<string>sourcecode.swift</string>
			<key>path</key>
			<string>AppDelegate.swift</string>
			<key>sourceTree</key>
			<string>&lt;group&gt;</string>
		</dict>
		<key>477970DD1C630306000F1196</key>
		<dict>
			<key>fileRef</key>
			<string>477970DC1C630306000F1196</string>
			<key>isa</key>
			<string>PBXBuildFile</string>
		</dict>
		<key>477970DE1C630306000F1196</key>
		<dict>
			<key>isa</key>
			<string>PBXFileReference</string>
			<key>lastKnownFileType</key>
			<string>sourcecode.swift</string>
			<key>path</key>
			<string>KSLoginViewController.swift</string>
			<key>sourceTree</key>
			<string>&lt;group&gt;</string>
		</dict>
		<key>477970DF1C630306000F1196</key>
		<dict>
			<key>fileRef</key>
			<string>477970DE1C630306000F1196</string>
			<key>isa</key>
			<string>PBXBuildFile</string>
		</dict>
		<key>477970E01C630306000F1196</key>
		<dict>
			<key>children</key>
			<array>
				<string>477970E11C630306000F1196</string>
			</array>
			<key>isa</key>
			<string>PBXVariantGroup</string>
			<key>name</key>
			<string>Main.storyboard</string>
			<key>sourceTree</key>
			<string>&lt;group&gt;</string>
		</dict>
		<key>477970E11C630306000F1196</key>
		<dict>
			<key>isa</key>
			<string>PBXFileReference</string>
			<key>lastKnownFileType</key>
			<string>file.storyboard</string>
			<key>name</key>
			<string>Base</string>
			<key>path</key>
			<string>Base.lproj/Main.storyboard</string>
			<key>sourceTree</key>
			<string>&lt;group&gt;</string>
		</dict>
		<key>477970E21C630306000F1196</key>
		<dict>
			<key>fileRef</key>
			<string>477970E01C630306000F1196</string>
			<key>isa</key>
			<string>PBXBuildFile</string>
		</dict>
		<key>477970E31C630306000F1196</key>
		<dict>
			<key>children</key>
			<array>
				<string>477970E41C630306000F1196</string>
			</array>
			<key>currentVersion</key>
			<string>477970E41C630306000F1196</string>
			<key>isa</key>
			<string>XCVersionGroup</string>
			<key>path</key>
			<string>KickSwap.xcdatamodeld</string>
			<key>sourceTree</key>
			<string>&lt;group&gt;</string>
			<key>versionGroupType</key>
			<string>wrapper.xcdatamodel</string>
		</dict>
		<key>477970E41C630306000F1196</key>
		<dict>
			<key>isa</key>
			<string>PBXFileReference</string>
			<key>lastKnownFileType</key>
			<string>wrapper.xcdatamodel</string>
			<key>path</key>
			<string>KickSwap.xcdatamodel</string>
			<key>sourceTree</key>
			<string>&lt;group&gt;</string>
		</dict>
		<key>477970E51C630306000F1196</key>
		<dict>
			<key>fileRef</key>
			<string>477970E31C630306000F1196</string>
			<key>isa</key>
			<string>PBXBuildFile</string>
		</dict>
		<key>477970E61C630306000F1196</key>
		<dict>
			<key>isa</key>
			<string>PBXFileReference</string>
			<key>lastKnownFileType</key>
			<string>folder.assetcatalog</string>
			<key>path</key>
			<string>Assets.xcassets</string>
			<key>sourceTree</key>
			<string>&lt;group&gt;</string>
		</dict>
		<key>477970E71C630306000F1196</key>
		<dict>
			<key>fileRef</key>
			<string>477970E61C630306000F1196</string>
			<key>isa</key>
			<string>PBXBuildFile</string>
		</dict>
		<key>477970E81C630306000F1196</key>
		<dict>
			<key>children</key>
			<array>
				<string>477970E91C630306000F1196</string>
			</array>
			<key>isa</key>
			<string>PBXVariantGroup</string>
			<key>name</key>
			<string>LaunchScreen.storyboard</string>
			<key>sourceTree</key>
			<string>&lt;group&gt;</string>
		</dict>
		<key>477970E91C630306000F1196</key>
		<dict>
			<key>isa</key>
			<string>PBXFileReference</string>
			<key>lastKnownFileType</key>
			<string>file.storyboard</string>
			<key>name</key>
			<string>Base</string>
			<key>path</key>
			<string>Base.lproj/LaunchScreen.storyboard</string>
			<key>sourceTree</key>
			<string>&lt;group&gt;</string>
		</dict>
		<key>477970EA1C630306000F1196</key>
		<dict>
			<key>fileRef</key>
			<string>477970E81C630306000F1196</string>
			<key>isa</key>
			<string>PBXBuildFile</string>
		</dict>
		<key>477970EB1C630306000F1196</key>
		<dict>
			<key>isa</key>
			<string>PBXFileReference</string>
			<key>lastKnownFileType</key>
			<string>text.plist.xml</string>
			<key>path</key>
			<string>Info.plist</string>
			<key>sourceTree</key>
			<string>&lt;group&gt;</string>
		</dict>
		<key>477970EC1C630306000F1196</key>
		<dict>
			<key>buildSettings</key>
			<dict>
				<key>ALWAYS_SEARCH_USER_PATHS</key>
				<string>NO</string>
				<key>CLANG_CXX_LANGUAGE_STANDARD</key>
				<string>gnu++0x</string>
				<key>CLANG_CXX_LIBRARY</key>
				<string>libc++</string>
				<key>CLANG_ENABLE_MODULES</key>
				<string>YES</string>
				<key>CLANG_ENABLE_OBJC_ARC</key>
				<string>YES</string>
				<key>CLANG_WARN_BOOL_CONVERSION</key>
				<string>YES</string>
				<key>CLANG_WARN_CONSTANT_CONVERSION</key>
				<string>YES</string>
				<key>CLANG_WARN_DIRECT_OBJC_ISA_USAGE</key>
				<string>YES_ERROR</string>
				<key>CLANG_WARN_EMPTY_BODY</key>
				<string>YES</string>
				<key>CLANG_WARN_ENUM_CONVERSION</key>
				<string>YES</string>
				<key>CLANG_WARN_INT_CONVERSION</key>
				<string>YES</string>
				<key>CLANG_WARN_OBJC_ROOT_CLASS</key>
				<string>YES_ERROR</string>
				<key>CLANG_WARN_UNREACHABLE_CODE</key>
				<string>YES</string>
				<key>CLANG_WARN__DUPLICATE_METHOD_MATCH</key>
				<string>YES</string>
				<key>CODE_SIGN_IDENTITY[sdk=iphoneos*]</key>
				<string>iPhone Developer</string>
				<key>COPY_PHASE_STRIP</key>
				<string>NO</string>
				<key>DEBUG_INFORMATION_FORMAT</key>
				<string>dwarf</string>
				<key>ENABLE_STRICT_OBJC_MSGSEND</key>
				<string>YES</string>
				<key>ENABLE_TESTABILITY</key>
				<string>YES</string>
				<key>GCC_C_LANGUAGE_STANDARD</key>
				<string>gnu99</string>
				<key>GCC_DYNAMIC_NO_PIC</key>
				<string>NO</string>
				<key>GCC_NO_COMMON_BLOCKS</key>
				<string>YES</string>
				<key>GCC_OPTIMIZATION_LEVEL</key>
				<string>0</string>
				<key>GCC_PREPROCESSOR_DEFINITIONS</key>
				<array>
					<string>DEBUG=1</string>
					<string>$(inherited)</string>
				</array>
				<key>GCC_WARN_64_TO_32_BIT_CONVERSION</key>
				<string>YES</string>
				<key>GCC_WARN_ABOUT_RETURN_TYPE</key>
				<string>YES_ERROR</string>
				<key>GCC_WARN_UNDECLARED_SELECTOR</key>
				<string>YES</string>
				<key>GCC_WARN_UNINITIALIZED_AUTOS</key>
				<string>YES_AGGRESSIVE</string>
				<key>GCC_WARN_UNUSED_FUNCTION</key>
				<string>YES</string>
				<key>GCC_WARN_UNUSED_VARIABLE</key>
				<string>YES</string>
				<key>IPHONEOS_DEPLOYMENT_TARGET</key>
				<string>9.2</string>
				<key>MTL_ENABLE_DEBUG_INFO</key>
				<string>YES</string>
				<key>ONLY_ACTIVE_ARCH</key>
				<string>YES</string>
				<key>SDKROOT</key>
				<string>iphoneos</string>
				<key>SWIFT_OPTIMIZATION_LEVEL</key>
				<string>-Onone</string>
				<key>TARGETED_DEVICE_FAMILY</key>
				<string>1,2</string>
			</dict>
			<key>isa</key>
			<string>XCBuildConfiguration</string>
			<key>name</key>
			<string>Debug</string>
		</dict>
		<key>477970ED1C630306000F1196</key>
		<dict>
			<key>buildSettings</key>
			<dict>
				<key>ALWAYS_SEARCH_USER_PATHS</key>
				<string>NO</string>
				<key>CLANG_CXX_LANGUAGE_STANDARD</key>
				<string>gnu++0x</string>
				<key>CLANG_CXX_LIBRARY</key>
				<string>libc++</string>
				<key>CLANG_ENABLE_MODULES</key>
				<string>YES</string>
				<key>CLANG_ENABLE_OBJC_ARC</key>
				<string>YES</string>
				<key>CLANG_WARN_BOOL_CONVERSION</key>
				<string>YES</string>
				<key>CLANG_WARN_CONSTANT_CONVERSION</key>
				<string>YES</string>
				<key>CLANG_WARN_DIRECT_OBJC_ISA_USAGE</key>
				<string>YES_ERROR</string>
				<key>CLANG_WARN_EMPTY_BODY</key>
				<string>YES</string>
				<key>CLANG_WARN_ENUM_CONVERSION</key>
				<string>YES</string>
				<key>CLANG_WARN_INT_CONVERSION</key>
				<string>YES</string>
				<key>CLANG_WARN_OBJC_ROOT_CLASS</key>
				<string>YES_ERROR</string>
				<key>CLANG_WARN_UNREACHABLE_CODE</key>
				<string>YES</string>
				<key>CLANG_WARN__DUPLICATE_METHOD_MATCH</key>
				<string>YES</string>
				<key>CODE_SIGN_IDENTITY[sdk=iphoneos*]</key>
				<string>iPhone Developer</string>
				<key>COPY_PHASE_STRIP</key>
				<string>NO</string>
				<key>DEBUG_INFORMATION_FORMAT</key>
				<string>dwarf-with-dsym</string>
				<key>ENABLE_NS_ASSERTIONS</key>
				<string>NO</string>
				<key>ENABLE_STRICT_OBJC_MSGSEND</key>
				<string>YES</string>
				<key>GCC_C_LANGUAGE_STANDARD</key>
				<string>gnu99</string>
				<key>GCC_NO_COMMON_BLOCKS</key>
				<string>YES</string>
				<key>GCC_WARN_64_TO_32_BIT_CONVERSION</key>
				<string>YES</string>
				<key>GCC_WARN_ABOUT_RETURN_TYPE</key>
				<string>YES_ERROR</string>
				<key>GCC_WARN_UNDECLARED_SELECTOR</key>
				<string>YES</string>
				<key>GCC_WARN_UNINITIALIZED_AUTOS</key>
				<string>YES_AGGRESSIVE</string>
				<key>GCC_WARN_UNUSED_FUNCTION</key>
				<string>YES</string>
				<key>GCC_WARN_UNUSED_VARIABLE</key>
				<string>YES</string>
				<key>IPHONEOS_DEPLOYMENT_TARGET</key>
				<string>9.2</string>
				<key>MTL_ENABLE_DEBUG_INFO</key>
				<string>NO</string>
				<key>SDKROOT</key>
				<string>iphoneos</string>
				<key>TARGETED_DEVICE_FAMILY</key>
				<string>1,2</string>
				<key>VALIDATE_PRODUCT</key>
				<string>YES</string>
			</dict>
			<key>isa</key>
			<string>XCBuildConfiguration</string>
			<key>name</key>
			<string>Release</string>
		</dict>
		<key>477970EE1C630306000F1196</key>
		<dict>
			<key>buildConfigurations</key>
			<array>
				<string>477970EF1C630306000F1196</string>
				<string>477970F01C630306000F1196</string>
			</array>
			<key>defaultConfigurationIsVisible</key>
			<string>0</string>
			<key>defaultConfigurationName</key>
			<string>Release</string>
			<key>isa</key>
			<string>XCConfigurationList</string>
		</dict>
		<key>477970EF1C630306000F1196</key>
		<dict>
			<key>baseConfigurationReference</key>
			<string>8C875813C5BA493BCF0D235C</string>
			<key>buildSettings</key>
			<dict>
				<key>ASSETCATALOG_COMPILER_APPICON_NAME</key>
				<string>AppIcon</string>
				<key>CODE_SIGN_IDENTITY</key>
				<string>iPhone Developer</string>
				<key>CODE_SIGN_IDENTITY[sdk=iphoneos*]</key>
				<string>iPhone Developer</string>
				<key>INFOPLIST_FILE</key>
				<string>KickSwap/Info.plist</string>
				<key>IPHONEOS_DEPLOYMENT_TARGET</key>
				<string>9.3</string>
				<key>LD_RUNPATH_SEARCH_PATHS</key>
				<string>$(inherited) @executable_path/Frameworks</string>
				<key>PRODUCT_BUNDLE_IDENTIFIER</key>
				<string>hamtech.KickSwap.me</string>
				<key>PRODUCT_NAME</key>
				<string>$(TARGET_NAME)</string>
				<key>PROVISIONING_PROFILE</key>
				<string></string>
			</dict>
			<key>isa</key>
			<string>XCBuildConfiguration</string>
			<key>name</key>
			<string>Debug</string>
		</dict>
		<key>477970F01C630306000F1196</key>
		<dict>
			<key>baseConfigurationReference</key>
			<string>34AD2EBECE4B71640F5CEE37</string>
			<key>buildSettings</key>
			<dict>
				<key>ASSETCATALOG_COMPILER_APPICON_NAME</key>
				<string>AppIcon</string>
				<key>CODE_SIGN_IDENTITY</key>
				<string>iPhone Developer</string>
				<key>CODE_SIGN_IDENTITY[sdk=iphoneos*]</key>
				<string>iPhone Developer</string>
				<key>INFOPLIST_FILE</key>
				<string>KickSwap/Info.plist</string>
				<key>IPHONEOS_DEPLOYMENT_TARGET</key>
				<string>9.3</string>
				<key>LD_RUNPATH_SEARCH_PATHS</key>
				<string>$(inherited) @executable_path/Frameworks</string>
				<key>PRODUCT_BUNDLE_IDENTIFIER</key>
				<string>hamtech.KickSwap.me</string>
				<key>PRODUCT_NAME</key>
				<string>$(TARGET_NAME)</string>
				<key>PROVISIONING_PROFILE</key>
				<string></string>
				<key>SWIFT_OPTIMIZATION_LEVEL</key>
				<string>-Onone</string>
			</dict>
			<key>isa</key>
			<string>XCBuildConfiguration</string>
			<key>name</key>
			<string>Release</string>
		</dict>
		<key>4789AC1C1C998076002907CA</key>
		<dict>
			<key>fileEncoding</key>
			<string>4</string>
			<key>isa</key>
			<string>PBXFileReference</string>
			<key>lastKnownFileType</key>
			<string>sourcecode.swift</string>
			<key>path</key>
			<string>KSVoteViewController.swift</string>
			<key>sourceTree</key>
			<string>&lt;group&gt;</string>
		</dict>
		<key>4789AC1D1C998076002907CA</key>
		<dict>
			<key>fileRef</key>
			<string>4789AC1C1C998076002907CA</string>
			<key>isa</key>
			<string>PBXBuildFile</string>
		</dict>
		<key>4789AC1E1C99813C002907CA</key>
		<dict>
			<key>fileEncoding</key>
			<string>4</string>
			<key>isa</key>
			<string>PBXFileReference</string>
			<key>lastKnownFileType</key>
			<string>sourcecode.swift</string>
			<key>path</key>
			<string>KSVoteTableViewCell.swift</string>
			<key>sourceTree</key>
			<string>&lt;group&gt;</string>
		</dict>
		<key>4789AC1F1C99813C002907CA</key>
		<dict>
			<key>fileRef</key>
			<string>4789AC1E1C99813C002907CA</string>
			<key>isa</key>
			<string>PBXBuildFile</string>
		</dict>
		<key>47AE587E1C756A2D007AB49E</key>
		<dict>
			<key>children</key>
			<array>
				<string>47AE587F1C756A42007AB49E</string>
				<string>47AE58871C769904007AB49E</string>
				<string>476D6B7B1C999860000842AF</string>
				<string>47AE58891C769C2F007AB49E</string>
			</array>
			<key>isa</key>
			<string>PBXGroup</string>
			<key>name</key>
			<string>Models</string>
			<key>sourceTree</key>
			<string>&lt;group&gt;</string>
		</dict>
		<key>47AE587F1C756A42007AB49E</key>
		<dict>
			<key>fileEncoding</key>
			<string>4</string>
			<key>isa</key>
			<string>PBXFileReference</string>
			<key>lastKnownFileType</key>
			<string>sourcecode.swift</string>
			<key>path</key>
			<string>User.swift</string>
			<key>sourceTree</key>
			<string>&lt;group&gt;</string>
		</dict>
		<key>47AE58801C756A42007AB49E</key>
		<dict>
			<key>fileRef</key>
			<string>47AE587F1C756A42007AB49E</string>
			<key>isa</key>
			<string>PBXBuildFile</string>
		</dict>
		<key>47AE58811C7572F5007AB49E</key>
		<dict>
			<key>children</key>
			<array>
				<string>47AE58821C75730A007AB49E</string>
			</array>
			<key>isa</key>
			<string>PBXGroup</string>
			<key>name</key>
			<string>Clients</string>
			<key>sourceTree</key>
			<string>&lt;group&gt;</string>
		</dict>
		<key>47AE58821C75730A007AB49E</key>
		<dict>
			<key>fileEncoding</key>
			<string>4</string>
			<key>isa</key>
			<string>PBXFileReference</string>
			<key>lastKnownFileType</key>
			<string>sourcecode.swift</string>
			<key>path</key>
			<string>Firebase.swift</string>
			<key>sourceTree</key>
			<string>&lt;group&gt;</string>
		</dict>
		<key>47AE58831C75730A007AB49E</key>
		<dict>
			<key>fileRef</key>
			<string>47AE58821C75730A007AB49E</string>
			<key>isa</key>
			<string>PBXBuildFile</string>
		</dict>
		<key>47AE58841C758D72007AB49E</key>
		<dict>
			<key>children</key>
			<array>
				<string>0256D3041C99774700B8CD4B</string>
				<string>02B2A8401CAC18270099A244</string>
				<string>02B2A83E1CAC17950099A244</string>
				<string>47BBC0F51C7E8B6D007DFF67</string>
				<string>47BBC0F61C7E8B6D007DFF67</string>
				<string>47BBC0F71C7E8B6D007DFF67</string>
				<string>47BBC0F81C7E8B6D007DFF67</string>
				<string>4789AC1C1C998076002907CA</string>
				<string>477970DE1C630306000F1196</string>
				<string>47AE58851C75F5D8007AB49E</string>
				<string>47B90F041C7F6F9B006B4BD6</string>
				<string>47B90F061C7F6FA9006B4BD6</string>
				<string>A198C05E1C820287001C69E0</string>
				<string>A1E02DAC1C920F3B00F3BC92</string>
				<string>02DED1CD1C91D3450098DA39</string>
				<string>02DED1CF1C91D3740098DA39</string>
				<string>0256D2BB1C95988700B8CD4B</string>
				<string>0256D2BD1C95989300B8CD4B</string>
				<string>0262DDFA1CA4A5D500322D89</string>
			</array>
			<key>isa</key>
			<string>PBXGroup</string>
			<key>name</key>
			<string>Controllers</string>
			<key>sourceTree</key>
			<string>&lt;group&gt;</string>
		</dict>
		<key>47AE58851C75F5D8007AB49E</key>
		<dict>
			<key>fileEncoding</key>
			<string>4</string>
			<key>isa</key>
			<string>PBXFileReference</string>
			<key>lastKnownFileType</key>
			<string>sourcecode.swift</string>
			<key>path</key>
			<string>KSTimelineViewController.swift</string>
			<key>sourceTree</key>
			<string>&lt;group&gt;</string>
		</dict>
		<key>47AE58861C75F5D8007AB49E</key>
		<dict>
			<key>fileRef</key>
			<string>47AE58851C75F5D8007AB49E</string>
			<key>isa</key>
			<string>PBXBuildFile</string>
		</dict>
		<key>47AE58871C769904007AB49E</key>
		<dict>
			<key>fileEncoding</key>
			<string>4</string>
			<key>isa</key>
			<string>PBXFileReference</string>
			<key>lastKnownFileType</key>
			<string>sourcecode.swift</string>
			<key>path</key>
			<string>Shoe.swift</string>
			<key>sourceTree</key>
			<string>&lt;group&gt;</string>
		</dict>
		<key>47AE58881C769904007AB49E</key>
		<dict>
			<key>fileRef</key>
			<string>47AE58871C769904007AB49E</string>
			<key>isa</key>
			<string>PBXBuildFile</string>
		</dict>
		<key>47AE58891C769C2F007AB49E</key>
		<dict>
			<key>fileEncoding</key>
			<string>4</string>
			<key>isa</key>
			<string>PBXFileReference</string>
			<key>lastKnownFileType</key>
			<string>sourcecode.swift</string>
			<key>path</key>
			<string>Bid.swift</string>
			<key>sourceTree</key>
			<string>&lt;group&gt;</string>
		</dict>
		<key>47AE588A1C769C2F007AB49E</key>
		<dict>
			<key>fileRef</key>
			<string>47AE58891C769C2F007AB49E</string>
			<key>isa</key>
			<string>PBXBuildFile</string>
		</dict>
		<key>47B90F041C7F6F9B006B4BD6</key>
		<dict>
			<key>fileEncoding</key>
			<string>4</string>
			<key>isa</key>
			<string>PBXFileReference</string>
			<key>lastKnownFileType</key>
			<string>sourcecode.swift</string>
			<key>path</key>
			<string>KSCaptureViewController.swift</string>
			<key>sourceTree</key>
			<string>&lt;group&gt;</string>
		</dict>
		<key>47B90F051C7F6F9B006B4BD6</key>
		<dict>
			<key>fileRef</key>
			<string>47B90F041C7F6F9B006B4BD6</string>
			<key>isa</key>
			<string>PBXBuildFile</string>
		</dict>
		<key>47B90F061C7F6FA9006B4BD6</key>
		<dict>
			<key>fileEncoding</key>
			<string>4</string>
			<key>isa</key>
			<string>PBXFileReference</string>
			<key>lastKnownFileType</key>
			<string>sourcecode.swift</string>
			<key>path</key>
			<string>KSNewsViewController.swift</string>
			<key>sourceTree</key>
			<string>&lt;group&gt;</string>
		</dict>
		<key>47B90F071C7F6FA9006B4BD6</key>
		<dict>
			<key>fileRef</key>
			<string>47B90F061C7F6FA9006B4BD6</string>
			<key>isa</key>
			<string>PBXBuildFile</string>
		</dict>
		<key>47BBC0F51C7E8B6D007DFF67</key>
		<dict>
			<key>fileEncoding</key>
			<string>4</string>
			<key>isa</key>
			<string>PBXFileReference</string>
			<key>lastKnownFileType</key>
			<string>sourcecode.swift</string>
			<key>path</key>
			<string>BlueViewcontroller.swift</string>
			<key>sourceTree</key>
			<string>&lt;group&gt;</string>
		</dict>
		<key>47BBC0F61C7E8B6D007DFF67</key>
		<dict>
			<key>fileEncoding</key>
			<string>4</string>
			<key>isa</key>
			<string>PBXFileReference</string>
			<key>lastKnownFileType</key>
			<string>sourcecode.swift</string>
			<key>path</key>
			<string>GreenViewController.swift</string>
			<key>sourceTree</key>
			<string>&lt;group&gt;</string>
		</dict>
		<key>47BBC0F71C7E8B6D007DFF67</key>
		<dict>
			<key>fileEncoding</key>
			<string>4</string>
			<key>isa</key>
			<string>PBXFileReference</string>
			<key>lastKnownFileType</key>
			<string>sourcecode.swift</string>
			<key>path</key>
			<string>YellowViewController.swift</string>
			<key>sourceTree</key>
			<string>&lt;group&gt;</string>
		</dict>
		<key>47BBC0F81C7E8B6D007DFF67</key>
		<dict>
			<key>fileEncoding</key>
			<string>4</string>
			<key>isa</key>
			<string>PBXFileReference</string>
			<key>lastKnownFileType</key>
			<string>sourcecode.swift</string>
			<key>path</key>
			<string>KSMenuViewController.swift</string>
			<key>sourceTree</key>
			<string>&lt;group&gt;</string>
		</dict>
		<key>47BBC0F91C7E8B6D007DFF67</key>
		<dict>
			<key>fileRef</key>
			<string>47BBC0F51C7E8B6D007DFF67</string>
			<key>isa</key>
			<string>PBXBuildFile</string>
		</dict>
		<key>47BBC0FA1C7E8B6D007DFF67</key>
		<dict>
			<key>fileRef</key>
			<string>47BBC0F61C7E8B6D007DFF67</string>
			<key>isa</key>
			<string>PBXBuildFile</string>
		</dict>
		<key>47BBC0FB1C7E8B6D007DFF67</key>
		<dict>
			<key>fileRef</key>
			<string>47BBC0F71C7E8B6D007DFF67</string>
			<key>isa</key>
			<string>PBXBuildFile</string>
		</dict>
		<key>47BBC0FC1C7E8B6D007DFF67</key>
		<dict>
			<key>fileRef</key>
			<string>47BBC0F81C7E8B6D007DFF67</string>
			<key>isa</key>
			<string>PBXBuildFile</string>
		</dict>
		<key>47BBC0FD1C7EC4EB007DFF67</key>
		<dict>
			<key>children</key>
			<array>
				<string>471282921C7E15170007855B</string>
				<string>024327001C7CA881009893B8</string>
				<string>024327021C7CC9EA009893B8</string>
				<string>A198C0601C82136B001C69E0</string>
				<string>4789AC1E1C99813C002907CA</string>
				<string>0256D2BF1C95A35C00B8CD4B</string>
				<string>0262DDFC1CA4A74300322D89</string>
			</array>
			<key>isa</key>
			<string>PBXGroup</string>
			<key>name</key>
			<string>Views</string>
			<key>sourceTree</key>
			<string>&lt;group&gt;</string>
		</dict>
		<key>57B5DE0BCF0A4B322D6BF5BF</key>
		<dict>
			<key>children</key>
			<array>
				<string>8C875813C5BA493BCF0D235C</string>
				<string>34AD2EBECE4B71640F5CEE37</string>
			</array>
			<key>isa</key>
			<string>PBXGroup</string>
			<key>name</key>
			<string>Pods</string>
			<key>sourceTree</key>
			<string>&lt;group&gt;</string>
		</dict>
		<key>8C875813C5BA493BCF0D235C</key>
		<dict>
			<key>includeInIndex</key>
			<string>1</string>
			<key>isa</key>
			<string>PBXFileReference</string>
			<key>lastKnownFileType</key>
			<string>text.xcconfig</string>
			<key>name</key>
			<string>Pods-KickSwap.debug.xcconfig</string>
			<key>path</key>
			<string>Pods/Target Support Files/Pods-KickSwap/Pods-KickSwap.debug.xcconfig</string>
			<key>sourceTree</key>
			<string>&lt;group&gt;</string>
		</dict>
		<key>A198C05E1C820287001C69E0</key>
		<dict>
			<key>fileEncoding</key>
			<string>4</string>
			<key>isa</key>
			<string>PBXFileReference</string>
			<key>lastKnownFileType</key>
			<string>sourcecode.swift</string>
			<key>path</key>
			<string>KSProfileViewController.swift</string>
			<key>sourceTree</key>
			<string>&lt;group&gt;</string>
		</dict>
		<key>A198C05F1C820287001C69E0</key>
		<dict>
			<key>fileRef</key>
			<string>A198C05E1C820287001C69E0</string>
			<key>isa</key>
			<string>PBXBuildFile</string>
		</dict>
		<key>A198C0601C82136B001C69E0</key>
		<dict>
			<key>fileEncoding</key>
			<string>4</string>
			<key>isa</key>
			<string>PBXFileReference</string>
			<key>lastKnownFileType</key>
			<string>sourcecode.swift</string>
			<key>path</key>
			<string>KSProfileCollectionViewCell.swift</string>
			<key>sourceTree</key>
			<string>&lt;group&gt;</string>
		</dict>
		<key>A198C0611C82136B001C69E0</key>
		<dict>
			<key>fileRef</key>
			<string>A198C0601C82136B001C69E0</string>
			<key>isa</key>
			<string>PBXBuildFile</string>
		</dict>
		<key>A1E02DAC1C920F3B00F3BC92</key>
		<dict>
			<key>fileEncoding</key>
			<string>4</string>
			<key>isa</key>
			<string>PBXFileReference</string>
			<key>lastKnownFileType</key>
			<string>sourcecode.swift</string>
			<key>path</key>
			<string>KSConfirmViewController.swift</string>
			<key>sourceTree</key>
			<string>&lt;group&gt;</string>
		</dict>
		<key>A1E02DAD1C920F3B00F3BC92</key>
		<dict>
			<key>fileRef</key>
			<string>A1E02DAC1C920F3B00F3BC92</string>
			<key>isa</key>
			<string>PBXBuildFile</string>
		</dict>
		<key>B2714DF80CF8FE2137C08BAA</key>
		<dict>
			<key>children</key>
			<array>
				<string>F531BF9D651271C570BAD3E8</string>
			</array>
			<key>isa</key>
			<string>PBXGroup</string>
			<key>name</key>
			<string>Frameworks</string>
			<key>sourceTree</key>
			<string>&lt;group&gt;</string>
		</dict>
		<key>F2CC9D6EFCAED1CCF9841F26</key>
		<dict>
			<key>buildActionMask</key>
			<string>2147483647</string>
			<key>files</key>
			<array/>
			<key>inputPaths</key>
			<array/>
			<key>isa</key>
			<string>PBXShellScriptBuildPhase</string>
			<key>name</key>
			<string>Check Pods Manifest.lock</string>
			<key>outputPaths</key>
			<array/>
			<key>runOnlyForDeploymentPostprocessing</key>
			<string>0</string>
			<key>shellPath</key>
			<string>/bin/sh</string>
			<key>shellScript</key>
			<string>diff "${PODS_ROOT}/../Podfile.lock" "${PODS_ROOT}/Manifest.lock" &gt; /dev/null
if [[ $? != 0 ]] ; then
    cat &lt;&lt; EOM
error: The sandbox is not in sync with the Podfile.lock. Run 'pod install' or update your CocoaPods installation.
EOM
    exit 1
fi
</string>
			<key>showEnvVarsInLog</key>
			<string>0</string>
		</dict>
		<key>F531BF9D651271C570BAD3E8</key>
		<dict>
			<key>explicitFileType</key>
			<string>wrapper.framework</string>
			<key>includeInIndex</key>
			<string>0</string>
			<key>isa</key>
			<string>PBXFileReference</string>
			<key>path</key>
			<string>Pods_KickSwap.framework</string>
			<key>sourceTree</key>
			<string>BUILT_PRODUCTS_DIR</string>
		</dict>
	</dict>
	<key>rootObject</key>
	<string>477970D11C630306000F1196</string>
</dict>
</plist>
