// !$*UTF8*$!
{
	archiveVersion = 1;
	classes = {
	};
	objectVersion = 46;
	objects = {

/* Begin PBXBuildFile section */
		023BE99E1CB876700058AE57 /* TabBarAnimatedTransitioning.swift in Sources */ = {isa = PBXBuildFile; fileRef = 023BE99D1CB876700058AE57 /* TabBarAnimatedTransitioning.swift */; };
		024327011C7CA881009893B8 /* KSTimelineCollectionViewCell.swift in Sources */ = {isa = PBXBuildFile; fileRef = 024327001C7CA881009893B8 /* KSTimelineCollectionViewCell.swift */; };
		024327031C7CC9EA009893B8 /* CenterCellCollectionViewFlowLayout.swift in Sources */ = {isa = PBXBuildFile; fileRef = 024327021C7CC9EA009893B8 /* CenterCellCollectionViewFlowLayout.swift */; };
		0256D2BC1C95988700B8CD4B /* ProfileViewController.swift in Sources */ = {isa = PBXBuildFile; fileRef = 0256D2BB1C95988700B8CD4B /* ProfileViewController.swift */; };
		0256D2BE1C95989300B8CD4B /* DetailViewController.swift in Sources */ = {isa = PBXBuildFile; fileRef = 0256D2BD1C95989300B8CD4B /* DetailViewController.swift */; };
		0256D2C01C95A35C00B8CD4B /* TimelineDetailTableViewCell.swift in Sources */ = {isa = PBXBuildFile; fileRef = 0256D2BF1C95A35C00B8CD4B /* TimelineDetailTableViewCell.swift */; };
		0256D30A1C99775800B8CD4B /* SwiftModalWebVC.swift in Sources */ = {isa = PBXBuildFile; fileRef = 0256D3051C99775700B8CD4B /* SwiftModalWebVC.swift */; };
		0256D30B1C99775800B8CD4B /* SwiftWebVCActivityChrome.swift in Sources */ = {isa = PBXBuildFile; fileRef = 0256D3061C99775700B8CD4B /* SwiftWebVCActivityChrome.swift */; };
		0256D30C1C99775800B8CD4B /* SwiftWebVCActivity.swift in Sources */ = {isa = PBXBuildFile; fileRef = 0256D3071C99775700B8CD4B /* SwiftWebVCActivity.swift */; };
		0256D30D1C99775800B8CD4B /* SwiftWebVCActivitySafari.swift in Sources */ = {isa = PBXBuildFile; fileRef = 0256D3081C99775700B8CD4B /* SwiftWebVCActivitySafari.swift */; };
		0256D30E1C99775800B8CD4B /* SwiftWebVC.swift in Sources */ = {isa = PBXBuildFile; fileRef = 0256D3091C99775700B8CD4B /* SwiftWebVC.swift */; };
		0256D3121C9978ED00B8CD4B /* NiceKicksViewController.swift in Sources */ = {isa = PBXBuildFile; fileRef = 0256D3111C9978ED00B8CD4B /* NiceKicksViewController.swift */; };
		0256D3141C9978FD00B8CD4B /* SoleCollectorViewController.swift in Sources */ = {isa = PBXBuildFile; fileRef = 0256D3131C9978FD00B8CD4B /* SoleCollectorViewController.swift */; };
		0256D3161C99790E00B8CD4B /* MJisBackViewController.swift in Sources */ = {isa = PBXBuildFile; fileRef = 0256D3151C99790E00B8CD4B /* MJisBackViewController.swift */; };
		0256D3181C997C4E00B8CD4B /* SwiftWebVC.bundle in Resources */ = {isa = PBXBuildFile; fileRef = 0256D3171C997C4E00B8CD4B /* SwiftWebVC.bundle */; };
		0262DDFB1CA4A5D500322D89 /* KSThemesViewController.swift in Sources */ = {isa = PBXBuildFile; fileRef = 0262DDFA1CA4A5D500322D89 /* KSThemesViewController.swift */; };
		0262DDFD1CA4A74300322D89 /* ThemesTableViewCell.swift in Sources */ = {isa = PBXBuildFile; fileRef = 0262DDFC1CA4A74300322D89 /* ThemesTableViewCell.swift */; };
		02A3ACE11C9EFEBF00D429ED /* Themes.swift in Sources */ = {isa = PBXBuildFile; fileRef = 02A3ACE01C9EFEBF00D429ED /* Themes.swift */; };
		02DED1CE1C91D3460098DA39 /* KSTabBarController.swift in Sources */ = {isa = PBXBuildFile; fileRef = 02DED1CD1C91D3450098DA39 /* KSTabBarController.swift */; };
		02DED1D01C91D3740098DA39 /* KSNavigationController.swift in Sources */ = {isa = PBXBuildFile; fileRef = 02DED1CF1C91D3740098DA39 /* KSNavigationController.swift */; };
		2122ED584FA8EA89F273B0CB /* Pods_KickSwap.framework in Frameworks */ = {isa = PBXBuildFile; fileRef = 310E4412E4D23F83C1D891F7 /* Pods_KickSwap.framework */; };
		472614811CB481AA0070CECA /* KSActivityViewController.swift in Sources */ = {isa = PBXBuildFile; fileRef = 472614801CB481AA0070CECA /* KSActivityViewController.swift */; };
		472614831CB482190070CECA /* Notification.swift in Sources */ = {isa = PBXBuildFile; fileRef = 472614821CB482190070CECA /* Notification.swift */; };
		472614871CB482BA0070CECA /* KSNotificationTableViewCell.swift in Sources */ = {isa = PBXBuildFile; fileRef = 472614861CB482BA0070CECA /* KSNotificationTableViewCell.swift */; };
		476D6B7C1C999860000842AF /* Release.swift in Sources */ = {isa = PBXBuildFile; fileRef = 476D6B7B1C999860000842AF /* Release.swift */; };
		477970DD1C630306000F1196 /* AppDelegate.swift in Sources */ = {isa = PBXBuildFile; fileRef = 477970DC1C630306000F1196 /* AppDelegate.swift */; };
		477970DF1C630306000F1196 /* KSLoginViewController.swift in Sources */ = {isa = PBXBuildFile; fileRef = 477970DE1C630306000F1196 /* KSLoginViewController.swift */; };
		477970E21C630306000F1196 /* Main.storyboard in Resources */ = {isa = PBXBuildFile; fileRef = 477970E01C630306000F1196 /* Main.storyboard */; };
		477970E51C630306000F1196 /* KickSwap.xcdatamodeld in Sources */ = {isa = PBXBuildFile; fileRef = 477970E31C630306000F1196 /* KickSwap.xcdatamodeld */; };
		477970E71C630306000F1196 /* Assets.xcassets in Resources */ = {isa = PBXBuildFile; fileRef = 477970E61C630306000F1196 /* Assets.xcassets */; };
		477970EA1C630306000F1196 /* LaunchScreen.storyboard in Resources */ = {isa = PBXBuildFile; fileRef = 477970E81C630306000F1196 /* LaunchScreen.storyboard */; };
		4789AC1D1C998076002907CA /* KSVoteViewController.swift in Sources */ = {isa = PBXBuildFile; fileRef = 4789AC1C1C998076002907CA /* KSVoteViewController.swift */; };
		4789AC1F1C99813C002907CA /* KSVoteCollectionViewCell.swift in Sources */ = {isa = PBXBuildFile; fileRef = 4789AC1E1C99813C002907CA /* KSVoteCollectionViewCell.swift */; };
		47AE58801C756A42007AB49E /* User.swift in Sources */ = {isa = PBXBuildFile; fileRef = 47AE587F1C756A42007AB49E /* User.swift */; };
		47AE58831C75730A007AB49E /* Firebase.swift in Sources */ = {isa = PBXBuildFile; fileRef = 47AE58821C75730A007AB49E /* Firebase.swift */; };
		47AE58861C75F5D8007AB49E /* KSTimelineViewController.swift in Sources */ = {isa = PBXBuildFile; fileRef = 47AE58851C75F5D8007AB49E /* KSTimelineViewController.swift */; };
		47AE58881C769904007AB49E /* Shoe.swift in Sources */ = {isa = PBXBuildFile; fileRef = 47AE58871C769904007AB49E /* Shoe.swift */; };
		47AE588A1C769C2F007AB49E /* Bid.swift in Sources */ = {isa = PBXBuildFile; fileRef = 47AE58891C769C2F007AB49E /* Bid.swift */; };
		47B90F051C7F6F9B006B4BD6 /* KSCaptureViewController.swift in Sources */ = {isa = PBXBuildFile; fileRef = 47B90F041C7F6F9B006B4BD6 /* KSCaptureViewController.swift */; };
		47B90F071C7F6FA9006B4BD6 /* KSNewsViewController.swift in Sources */ = {isa = PBXBuildFile; fileRef = 47B90F061C7F6FA9006B4BD6 /* KSNewsViewController.swift */; };
		47BBC0F91C7E8B6D007DFF67 /* BlueViewcontroller.swift in Sources */ = {isa = PBXBuildFile; fileRef = 47BBC0F51C7E8B6D007DFF67 /* BlueViewcontroller.swift */; };
		47BBC0FA1C7E8B6D007DFF67 /* GreenViewController.swift in Sources */ = {isa = PBXBuildFile; fileRef = 47BBC0F61C7E8B6D007DFF67 /* GreenViewController.swift */; };
		47BBC0FB1C7E8B6D007DFF67 /* YellowViewController.swift in Sources */ = {isa = PBXBuildFile; fileRef = 47BBC0F71C7E8B6D007DFF67 /* YellowViewController.swift */; };
		47BBC0FC1C7E8B6D007DFF67 /* KSMenuViewController.swift in Sources */ = {isa = PBXBuildFile; fileRef = 47BBC0F81C7E8B6D007DFF67 /* KSMenuViewController.swift */; };
		A198C05F1C820287001C69E0 /* KSProfileViewController.swift in Sources */ = {isa = PBXBuildFile; fileRef = A198C05E1C820287001C69E0 /* KSProfileViewController.swift */; };
		A198C0611C82136B001C69E0 /* KSProfileCollectionViewCell.swift in Sources */ = {isa = PBXBuildFile; fileRef = A198C0601C82136B001C69E0 /* KSProfileCollectionViewCell.swift */; };
		A1E02DAD1C920F3B00F3BC92 /* KSConfirmViewController.swift in Sources */ = {isa = PBXBuildFile; fileRef = A1E02DAC1C920F3B00F3BC92 /* KSConfirmViewController.swift */; };
/* End PBXBuildFile section */

/* Begin PBXFileReference section */
		023BE99D1CB876700058AE57 /* TabBarAnimatedTransitioning.swift */ = {isa = PBXFileReference; fileEncoding = 4; lastKnownFileType = sourcecode.swift; path = TabBarAnimatedTransitioning.swift; sourceTree = "<group>"; };
		024327001C7CA881009893B8 /* KSTimelineCollectionViewCell.swift */ = {isa = PBXFileReference; fileEncoding = 4; lastKnownFileType = sourcecode.swift; path = KSTimelineCollectionViewCell.swift; sourceTree = "<group>"; };
		024327021C7CC9EA009893B8 /* CenterCellCollectionViewFlowLayout.swift */ = {isa = PBXFileReference; fileEncoding = 4; lastKnownFileType = sourcecode.swift; path = CenterCellCollectionViewFlowLayout.swift; sourceTree = "<group>"; };
		0256D2BB1C95988700B8CD4B /* ProfileViewController.swift */ = {isa = PBXFileReference; fileEncoding = 4; lastKnownFileType = sourcecode.swift; path = ProfileViewController.swift; sourceTree = "<group>"; };
		0256D2BD1C95989300B8CD4B /* DetailViewController.swift */ = {isa = PBXFileReference; fileEncoding = 4; lastKnownFileType = sourcecode.swift; path = DetailViewController.swift; sourceTree = "<group>"; };
		0256D2BF1C95A35C00B8CD4B /* TimelineDetailTableViewCell.swift */ = {isa = PBXFileReference; fileEncoding = 4; lastKnownFileType = sourcecode.swift; path = TimelineDetailTableViewCell.swift; sourceTree = "<group>"; };
		0256D3051C99775700B8CD4B /* SwiftModalWebVC.swift */ = {isa = PBXFileReference; fileEncoding = 4; lastKnownFileType = sourcecode.swift; path = SwiftModalWebVC.swift; sourceTree = "<group>"; };
		0256D3061C99775700B8CD4B /* SwiftWebVCActivityChrome.swift */ = {isa = PBXFileReference; fileEncoding = 4; lastKnownFileType = sourcecode.swift; path = SwiftWebVCActivityChrome.swift; sourceTree = "<group>"; };
		0256D3071C99775700B8CD4B /* SwiftWebVCActivity.swift */ = {isa = PBXFileReference; fileEncoding = 4; lastKnownFileType = sourcecode.swift; path = SwiftWebVCActivity.swift; sourceTree = "<group>"; };
		0256D3081C99775700B8CD4B /* SwiftWebVCActivitySafari.swift */ = {isa = PBXFileReference; fileEncoding = 4; lastKnownFileType = sourcecode.swift; path = SwiftWebVCActivitySafari.swift; sourceTree = "<group>"; };
		0256D3091C99775700B8CD4B /* SwiftWebVC.swift */ = {isa = PBXFileReference; fileEncoding = 4; lastKnownFileType = sourcecode.swift; path = SwiftWebVC.swift; sourceTree = "<group>"; };
		0256D3111C9978ED00B8CD4B /* NiceKicksViewController.swift */ = {isa = PBXFileReference; fileEncoding = 4; lastKnownFileType = sourcecode.swift; path = NiceKicksViewController.swift; sourceTree = "<group>"; };
		0256D3131C9978FD00B8CD4B /* SoleCollectorViewController.swift */ = {isa = PBXFileReference; fileEncoding = 4; lastKnownFileType = sourcecode.swift; path = SoleCollectorViewController.swift; sourceTree = "<group>"; };
		0256D3151C99790E00B8CD4B /* MJisBackViewController.swift */ = {isa = PBXFileReference; fileEncoding = 4; lastKnownFileType = sourcecode.swift; path = MJisBackViewController.swift; sourceTree = "<group>"; };
		0256D3171C997C4E00B8CD4B /* SwiftWebVC.bundle */ = {isa = PBXFileReference; lastKnownFileType = "wrapper.plug-in"; path = SwiftWebVC.bundle; sourceTree = "<group>"; };
		0262DDFA1CA4A5D500322D89 /* KSThemesViewController.swift */ = {isa = PBXFileReference; fileEncoding = 4; lastKnownFileType = sourcecode.swift; path = KSThemesViewController.swift; sourceTree = "<group>"; };
		0262DDFC1CA4A74300322D89 /* ThemesTableViewCell.swift */ = {isa = PBXFileReference; fileEncoding = 4; lastKnownFileType = sourcecode.swift; path = ThemesTableViewCell.swift; sourceTree = "<group>"; };
		02A3ACE01C9EFEBF00D429ED /* Themes.swift */ = {isa = PBXFileReference; fileEncoding = 4; lastKnownFileType = sourcecode.swift; path = Themes.swift; sourceTree = "<group>"; };
		02DED1CD1C91D3450098DA39 /* KSTabBarController.swift */ = {isa = PBXFileReference; fileEncoding = 4; lastKnownFileType = sourcecode.swift; path = KSTabBarController.swift; sourceTree = "<group>"; };
		02DED1CF1C91D3740098DA39 /* KSNavigationController.swift */ = {isa = PBXFileReference; fileEncoding = 4; lastKnownFileType = sourcecode.swift; path = KSNavigationController.swift; sourceTree = "<group>"; };
		0867FD7A28CB1F17815AD610 /* Pods-KickSwap.debug.xcconfig */ = {isa = PBXFileReference; includeInIndex = 1; lastKnownFileType = text.xcconfig; name = "Pods-KickSwap.debug.xcconfig"; path = "Pods/Target Support Files/Pods-KickSwap/Pods-KickSwap.debug.xcconfig"; sourceTree = "<group>"; };
		310E4412E4D23F83C1D891F7 /* Pods_KickSwap.framework */ = {isa = PBXFileReference; explicitFileType = wrapper.framework; includeInIndex = 0; path = Pods_KickSwap.framework; sourceTree = BUILT_PRODUCTS_DIR; };
		472614801CB481AA0070CECA /* KSActivityViewController.swift */ = {isa = PBXFileReference; fileEncoding = 4; lastKnownFileType = sourcecode.swift; path = KSActivityViewController.swift; sourceTree = "<group>"; };
		472614821CB482190070CECA /* Notification.swift */ = {isa = PBXFileReference; fileEncoding = 4; lastKnownFileType = sourcecode.swift; name = Notification.swift; path = ../Notification.swift; sourceTree = "<group>"; };
		472614861CB482BA0070CECA /* KSNotificationTableViewCell.swift */ = {isa = PBXFileReference; fileEncoding = 4; lastKnownFileType = sourcecode.swift; path = KSNotificationTableViewCell.swift; sourceTree = "<group>"; };
		476D6B7B1C999860000842AF /* Release.swift */ = {isa = PBXFileReference; fileEncoding = 4; lastKnownFileType = sourcecode.swift; path = Release.swift; sourceTree = "<group>"; };
		477970D91C630306000F1196 /* KickSwap.app */ = {isa = PBXFileReference; explicitFileType = wrapper.application; includeInIndex = 0; path = KickSwap.app; sourceTree = BUILT_PRODUCTS_DIR; };
		477970DC1C630306000F1196 /* AppDelegate.swift */ = {isa = PBXFileReference; lastKnownFileType = sourcecode.swift; path = AppDelegate.swift; sourceTree = "<group>"; };
		477970DE1C630306000F1196 /* KSLoginViewController.swift */ = {isa = PBXFileReference; lastKnownFileType = sourcecode.swift; path = KSLoginViewController.swift; sourceTree = "<group>"; };
		477970E11C630306000F1196 /* Base */ = {isa = PBXFileReference; lastKnownFileType = file.storyboard; name = Base; path = Base.lproj/Main.storyboard; sourceTree = "<group>"; };
		477970E41C630306000F1196 /* KickSwap.xcdatamodel */ = {isa = PBXFileReference; lastKnownFileType = wrapper.xcdatamodel; path = KickSwap.xcdatamodel; sourceTree = "<group>"; };
		477970E61C630306000F1196 /* Assets.xcassets */ = {isa = PBXFileReference; lastKnownFileType = folder.assetcatalog; path = Assets.xcassets; sourceTree = "<group>"; };
		477970E91C630306000F1196 /* Base */ = {isa = PBXFileReference; lastKnownFileType = file.storyboard; name = Base; path = Base.lproj/LaunchScreen.storyboard; sourceTree = "<group>"; };
		477970EB1C630306000F1196 /* Info.plist */ = {isa = PBXFileReference; lastKnownFileType = text.plist.xml; path = Info.plist; sourceTree = "<group>"; };
		4789AC1C1C998076002907CA /* KSVoteViewController.swift */ = {isa = PBXFileReference; fileEncoding = 4; lastKnownFileType = sourcecode.swift; path = KSVoteViewController.swift; sourceTree = "<group>"; };
		4789AC1E1C99813C002907CA /* KSVoteCollectionViewCell.swift */ = {isa = PBXFileReference; fileEncoding = 4; lastKnownFileType = sourcecode.swift; path = KSVoteCollectionViewCell.swift; sourceTree = "<group>"; };
		47AE587F1C756A42007AB49E /* User.swift */ = {isa = PBXFileReference; fileEncoding = 4; lastKnownFileType = sourcecode.swift; path = User.swift; sourceTree = "<group>"; };
		47AE58821C75730A007AB49E /* Firebase.swift */ = {isa = PBXFileReference; fileEncoding = 4; lastKnownFileType = sourcecode.swift; path = Firebase.swift; sourceTree = "<group>"; };
		47AE58851C75F5D8007AB49E /* KSTimelineViewController.swift */ = {isa = PBXFileReference; fileEncoding = 4; lastKnownFileType = sourcecode.swift; path = KSTimelineViewController.swift; sourceTree = "<group>"; };
		47AE58871C769904007AB49E /* Shoe.swift */ = {isa = PBXFileReference; fileEncoding = 4; lastKnownFileType = sourcecode.swift; path = Shoe.swift; sourceTree = "<group>"; };
		47AE58891C769C2F007AB49E /* Bid.swift */ = {isa = PBXFileReference; fileEncoding = 4; lastKnownFileType = sourcecode.swift; path = Bid.swift; sourceTree = "<group>"; };
		47B90F041C7F6F9B006B4BD6 /* KSCaptureViewController.swift */ = {isa = PBXFileReference; fileEncoding = 4; lastKnownFileType = sourcecode.swift; path = KSCaptureViewController.swift; sourceTree = "<group>"; };
		47B90F061C7F6FA9006B4BD6 /* KSNewsViewController.swift */ = {isa = PBXFileReference; fileEncoding = 4; lastKnownFileType = sourcecode.swift; path = KSNewsViewController.swift; sourceTree = "<group>"; };
		47BBC0F51C7E8B6D007DFF67 /* BlueViewcontroller.swift */ = {isa = PBXFileReference; fileEncoding = 4; lastKnownFileType = sourcecode.swift; path = BlueViewcontroller.swift; sourceTree = "<group>"; };
		47BBC0F61C7E8B6D007DFF67 /* GreenViewController.swift */ = {isa = PBXFileReference; fileEncoding = 4; lastKnownFileType = sourcecode.swift; path = GreenViewController.swift; sourceTree = "<group>"; };
		47BBC0F71C7E8B6D007DFF67 /* YellowViewController.swift */ = {isa = PBXFileReference; fileEncoding = 4; lastKnownFileType = sourcecode.swift; path = YellowViewController.swift; sourceTree = "<group>"; };
		47BBC0F81C7E8B6D007DFF67 /* KSMenuViewController.swift */ = {isa = PBXFileReference; fileEncoding = 4; lastKnownFileType = sourcecode.swift; path = KSMenuViewController.swift; sourceTree = "<group>"; };
		A198C05E1C820287001C69E0 /* KSProfileViewController.swift */ = {isa = PBXFileReference; fileEncoding = 4; lastKnownFileType = sourcecode.swift; path = KSProfileViewController.swift; sourceTree = "<group>"; };
		A198C0601C82136B001C69E0 /* KSProfileCollectionViewCell.swift */ = {isa = PBXFileReference; fileEncoding = 4; lastKnownFileType = sourcecode.swift; path = KSProfileCollectionViewCell.swift; sourceTree = "<group>"; };
		A1E02DAC1C920F3B00F3BC92 /* KSConfirmViewController.swift */ = {isa = PBXFileReference; fileEncoding = 4; lastKnownFileType = sourcecode.swift; path = KSConfirmViewController.swift; sourceTree = "<group>"; };
		FE76C2C7EF0E648EAF4EA733 /* Pods-KickSwap.release.xcconfig */ = {isa = PBXFileReference; includeInIndex = 1; lastKnownFileType = text.xcconfig; name = "Pods-KickSwap.release.xcconfig"; path = "Pods/Target Support Files/Pods-KickSwap/Pods-KickSwap.release.xcconfig"; sourceTree = "<group>"; };
/* End PBXFileReference section */

/* Begin PBXFrameworksBuildPhase section */
		477970D61C630306000F1196 /* Frameworks */ = {
			isa = PBXFrameworksBuildPhase;
			buildActionMask = 2147483647;
			files = (
				2122ED584FA8EA89F273B0CB /* Pods_KickSwap.framework in Frameworks */,
			);
			runOnlyForDeploymentPostprocessing = 0;
		};
/* End PBXFrameworksBuildPhase section */

/* Begin PBXGroup section */
		0256D3041C99774700B8CD4B /* WebViews */ = {
			isa = PBXGroup;
			children = (
				0256D3101C9978CD00B8CD4B /* SwiftWebVC */,
				0256D3111C9978ED00B8CD4B /* NiceKicksViewController.swift */,
				0256D3131C9978FD00B8CD4B /* SoleCollectorViewController.swift */,
				0256D3151C99790E00B8CD4B /* MJisBackViewController.swift */,
			);
			name = WebViews;
			sourceTree = "<group>";
		};
		0256D3101C9978CD00B8CD4B /* SwiftWebVC */ = {
			isa = PBXGroup;
			children = (
				0256D3051C99775700B8CD4B /* SwiftModalWebVC.swift */,
				0256D3061C99775700B8CD4B /* SwiftWebVCActivityChrome.swift */,
				0256D3071C99775700B8CD4B /* SwiftWebVCActivity.swift */,
				0256D3081C99775700B8CD4B /* SwiftWebVCActivitySafari.swift */,
				0256D3091C99775700B8CD4B /* SwiftWebVC.swift */,
				0256D3171C997C4E00B8CD4B /* SwiftWebVC.bundle */,
			);
			name = SwiftWebVC;
			sourceTree = "<group>";
		};
		02A3ACDF1C9EFEAC00D429ED /* Themes */ = {
			isa = PBXGroup;
			children = (
				02A3ACE01C9EFEBF00D429ED /* Themes.swift */,
			);
			name = Themes;
			sourceTree = "<group>";
		};
		477970D01C630306000F1196 = {
			isa = PBXGroup;
			children = (
				477970DB1C630306000F1196 /* KickSwap */,
				477970DA1C630306000F1196 /* Products */,
				4BE04F2D3285A5733924F2F9 /* Pods */,
				E90AE90C7D166E4C461055CC /* Frameworks */,
			);
			sourceTree = "<group>";
		};
		477970DA1C630306000F1196 /* Products */ = {
			isa = PBXGroup;
			children = (
				477970D91C630306000F1196 /* KickSwap.app */,
			);
			name = Products;
			sourceTree = "<group>";
		};
		477970DB1C630306000F1196 /* KickSwap */ = {
			isa = PBXGroup;
			children = (
				02A3ACDF1C9EFEAC00D429ED /* Themes */,
				47AE58811C7572F5007AB49E /* Clients */,
				47BBC0FD1C7EC4EB007DFF67 /* Views */,
				47AE587E1C756A2D007AB49E /* Models */,
				47AE58841C758D72007AB49E /* Controllers */,
				477970E01C630306000F1196 /* Main.storyboard */,
				477970DC1C630306000F1196 /* AppDelegate.swift */,
				477970E61C630306000F1196 /* Assets.xcassets */,
				477970E81C630306000F1196 /* LaunchScreen.storyboard */,
				477970EB1C630306000F1196 /* Info.plist */,
				477970E31C630306000F1196 /* KickSwap.xcdatamodeld */,
			);
			path = KickSwap;
			sourceTree = "<group>";
		};
		47AE587E1C756A2D007AB49E /* Models */ = {
			isa = PBXGroup;
			children = (
				472614821CB482190070CECA /* Notification.swift */,
				47AE587F1C756A42007AB49E /* User.swift */,
				47AE58871C769904007AB49E /* Shoe.swift */,
				476D6B7B1C999860000842AF /* Release.swift */,
				47AE58891C769C2F007AB49E /* Bid.swift */,
			);
			name = Models;
			sourceTree = "<group>";
		};
		47AE58811C7572F5007AB49E /* Clients */ = {
			isa = PBXGroup;
			children = (
				47AE58821C75730A007AB49E /* Firebase.swift */,
			);
			name = Clients;
			sourceTree = "<group>";
		};
		47AE58841C758D72007AB49E /* Controllers */ = {
			isa = PBXGroup;
			children = (
				0256D3041C99774700B8CD4B /* WebViews */,
				47BBC0F51C7E8B6D007DFF67 /* BlueViewcontroller.swift */,
				47BBC0F61C7E8B6D007DFF67 /* GreenViewController.swift */,
				47BBC0F71C7E8B6D007DFF67 /* YellowViewController.swift */,
				472614801CB481AA0070CECA /* KSActivityViewController.swift */,
				47BBC0F81C7E8B6D007DFF67 /* KSMenuViewController.swift */,
				4789AC1C1C998076002907CA /* KSVoteViewController.swift */,
				477970DE1C630306000F1196 /* KSLoginViewController.swift */,
				47AE58851C75F5D8007AB49E /* KSTimelineViewController.swift */,
				47B90F041C7F6F9B006B4BD6 /* KSCaptureViewController.swift */,
				47B90F061C7F6FA9006B4BD6 /* KSNewsViewController.swift */,
				A198C05E1C820287001C69E0 /* KSProfileViewController.swift */,
				A1E02DAC1C920F3B00F3BC92 /* KSConfirmViewController.swift */,
				02DED1CD1C91D3450098DA39 /* KSTabBarController.swift */,
				02DED1CF1C91D3740098DA39 /* KSNavigationController.swift */,
				0256D2BB1C95988700B8CD4B /* ProfileViewController.swift */,
				0256D2BD1C95989300B8CD4B /* DetailViewController.swift */,
				0262DDFA1CA4A5D500322D89 /* KSThemesViewController.swift */,
			);
			name = Controllers;
			sourceTree = "<group>";
		};
		47BBC0FD1C7EC4EB007DFF67 /* Views */ = {
			isa = PBXGroup;
			children = (
				472614861CB482BA0070CECA /* KSNotificationTableViewCell.swift */,
				024327001C7CA881009893B8 /* KSTimelineCollectionViewCell.swift */,
				024327021C7CC9EA009893B8 /* CenterCellCollectionViewFlowLayout.swift */,
				A198C0601C82136B001C69E0 /* KSProfileCollectionViewCell.swift */,
				4789AC1E1C99813C002907CA /* KSVoteCollectionViewCell.swift */,
				0256D2BF1C95A35C00B8CD4B /* TimelineDetailTableViewCell.swift */,
				0262DDFC1CA4A74300322D89 /* ThemesTableViewCell.swift */,
				023BE99D1CB876700058AE57 /* TabBarAnimatedTransitioning.swift */,
			);
			name = Views;
			sourceTree = "<group>";
		};
		4BE04F2D3285A5733924F2F9 /* Pods */ = {
			isa = PBXGroup;
			children = (
				0867FD7A28CB1F17815AD610 /* Pods-KickSwap.debug.xcconfig */,
				FE76C2C7EF0E648EAF4EA733 /* Pods-KickSwap.release.xcconfig */,
			);
			name = Pods;
			sourceTree = "<group>";
		};
		E90AE90C7D166E4C461055CC /* Frameworks */ = {
			isa = PBXGroup;
			children = (
				310E4412E4D23F83C1D891F7 /* Pods_KickSwap.framework */,
			);
			name = Frameworks;
			sourceTree = "<group>";
		};
/* End PBXGroup section */

/* Begin PBXNativeTarget section */
		477970D81C630306000F1196 /* KickSwap */ = {
			isa = PBXNativeTarget;
			buildConfigurationList = 477970EE1C630306000F1196 /* Build configuration list for PBXNativeTarget "KickSwap" */;
			buildPhases = (
				3639F98D299755C95AAFA058 /* Check Pods Manifest.lock */,
				477970D51C630306000F1196 /* Sources */,
				477970D61C630306000F1196 /* Frameworks */,
				477970D71C630306000F1196 /* Resources */,
				617B36266F21B8B86CCFF7F6 /* Embed Pods Frameworks */,
				082E97FEC562B478B06E8821 /* Copy Pods Resources */,
			);
			buildRules = (
			);
			dependencies = (
			);
			name = KickSwap;
			productName = KickSwap;
			productReference = 477970D91C630306000F1196 /* KickSwap.app */;
			productType = "com.apple.product-type.application";
		};
/* End PBXNativeTarget section */

/* Begin PBXProject section */
		477970D11C630306000F1196 /* Project object */ = {
			isa = PBXProject;
			attributes = {
				LastSwiftUpdateCheck = 0720;
				LastUpgradeCheck = 0720;
				ORGANIZATIONNAME = "Hugh A. Miles II";
				TargetAttributes = {
					477970D81C630306000F1196 = {
						CreatedOnToolsVersion = 7.2;
						DevelopmentTeam = GDB3SZ2MTH;
						SystemCapabilities = {
							com.apple.Push = {
								enabled = 1;
							};
						};
					};
				};
			};
			buildConfigurationList = 477970D41C630306000F1196 /* Build configuration list for PBXProject "KickSwap" */;
			compatibilityVersion = "Xcode 3.2";
			developmentRegion = English;
			hasScannedForEncodings = 0;
			knownRegions = (
				en,
				Base,
			);
			mainGroup = 477970D01C630306000F1196;
			productRefGroup = 477970DA1C630306000F1196 /* Products */;
			projectDirPath = "";
			projectRoot = "";
			targets = (
				477970D81C630306000F1196 /* KickSwap */,
			);
		};
/* End PBXProject section */

/* Begin PBXResourcesBuildPhase section */
		477970D71C630306000F1196 /* Resources */ = {
			isa = PBXResourcesBuildPhase;
			buildActionMask = 2147483647;
			files = (
				477970EA1C630306000F1196 /* LaunchScreen.storyboard in Resources */,
				0256D3181C997C4E00B8CD4B /* SwiftWebVC.bundle in Resources */,
				477970E71C630306000F1196 /* Assets.xcassets in Resources */,
				477970E21C630306000F1196 /* Main.storyboard in Resources */,
			);
			runOnlyForDeploymentPostprocessing = 0;
		};
/* End PBXResourcesBuildPhase section */

/* Begin PBXShellScriptBuildPhase section */
		082E97FEC562B478B06E8821 /* Copy Pods Resources */ = {
			isa = PBXShellScriptBuildPhase;
			buildActionMask = 2147483647;
			files = (
			);
			inputPaths = (
			);
			name = "Copy Pods Resources";
			outputPaths = (
			);
			runOnlyForDeploymentPostprocessing = 0;
			shellPath = /bin/sh;
			shellScript = "\"${SRCROOT}/Pods/Target Support Files/Pods-KickSwap/Pods-KickSwap-resources.sh\"\n";
			showEnvVarsInLog = 0;
		};
		3639F98D299755C95AAFA058 /* Check Pods Manifest.lock */ = {
			isa = PBXShellScriptBuildPhase;
			buildActionMask = 2147483647;
			files = (
			);
			inputPaths = (
			);
			name = "Check Pods Manifest.lock";
			outputPaths = (
			);
			runOnlyForDeploymentPostprocessing = 0;
			shellPath = /bin/sh;
			shellScript = "diff \"${PODS_ROOT}/../Podfile.lock\" \"${PODS_ROOT}/Manifest.lock\" > /dev/null\nif [[ $? != 0 ]] ; then\n    cat << EOM\nerror: The sandbox is not in sync with the Podfile.lock. Run 'pod install' or update your CocoaPods installation.\nEOM\n    exit 1\nfi\n";
			showEnvVarsInLog = 0;
		};
		617B36266F21B8B86CCFF7F6 /* Embed Pods Frameworks */ = {
			isa = PBXShellScriptBuildPhase;
			buildActionMask = 2147483647;
			files = (
			);
			inputPaths = (
			);
			name = "Embed Pods Frameworks";
			outputPaths = (
			);
			runOnlyForDeploymentPostprocessing = 0;
			shellPath = /bin/sh;
			shellScript = "\"${SRCROOT}/Pods/Target Support Files/Pods-KickSwap/Pods-KickSwap-frameworks.sh\"\n";
			showEnvVarsInLog = 0;
		};
/* End PBXShellScriptBuildPhase section */

/* Begin PBXSourcesBuildPhase section */
		477970D51C630306000F1196 /* Sources */ = {
			isa = PBXSourcesBuildPhase;
			buildActionMask = 2147483647;
			files = (
				0256D30B1C99775800B8CD4B /* SwiftWebVCActivityChrome.swift in Sources */,
				0262DDFD1CA4A74300322D89 /* ThemesTableViewCell.swift in Sources */,
				47BBC0FA1C7E8B6D007DFF67 /* GreenViewController.swift in Sources */,
				47AE58831C75730A007AB49E /* Firebase.swift in Sources */,
				47B90F051C7F6F9B006B4BD6 /* KSCaptureViewController.swift in Sources */,
				0256D3161C99790E00B8CD4B /* MJisBackViewController.swift in Sources */,
				023BE99E1CB876700058AE57 /* TabBarAnimatedTransitioning.swift in Sources */,
				0256D30D1C99775800B8CD4B /* SwiftWebVCActivitySafari.swift in Sources */,
				A1E02DAD1C920F3B00F3BC92 /* KSConfirmViewController.swift in Sources */,
				0256D2BE1C95989300B8CD4B /* DetailViewController.swift in Sources */,
				47AE58801C756A42007AB49E /* User.swift in Sources */,
				A198C0611C82136B001C69E0 /* KSProfileCollectionViewCell.swift in Sources */,
				0262DDFB1CA4A5D500322D89 /* KSThemesViewController.swift in Sources */,
				024327011C7CA881009893B8 /* KSTimelineCollectionViewCell.swift in Sources */,
				0256D2BC1C95988700B8CD4B /* ProfileViewController.swift in Sources */,
				472614871CB482BA0070CECA /* KSNotificationTableViewCell.swift in Sources */,
				024327031C7CC9EA009893B8 /* CenterCellCollectionViewFlowLayout.swift in Sources */,
				47BBC0FB1C7E8B6D007DFF67 /* YellowViewController.swift in Sources */,
				A198C05F1C820287001C69E0 /* KSProfileViewController.swift in Sources */,
				0256D2C01C95A35C00B8CD4B /* TimelineDetailTableViewCell.swift in Sources */,
				47AE58881C769904007AB49E /* Shoe.swift in Sources */,
				02A3ACE11C9EFEBF00D429ED /* Themes.swift in Sources */,
				47BBC0FC1C7E8B6D007DFF67 /* KSMenuViewController.swift in Sources */,
				0256D30E1C99775800B8CD4B /* SwiftWebVC.swift in Sources */,
				476D6B7C1C999860000842AF /* Release.swift in Sources */,
				472614811CB481AA0070CECA /* KSActivityViewController.swift in Sources */,
				0256D3141C9978FD00B8CD4B /* SoleCollectorViewController.swift in Sources */,
				47AE588A1C769C2F007AB49E /* Bid.swift in Sources */,
				0256D30C1C99775800B8CD4B /* SwiftWebVCActivity.swift in Sources */,
				4789AC1F1C99813C002907CA /* KSVoteCollectionViewCell.swift in Sources */,
				477970DF1C630306000F1196 /* KSLoginViewController.swift in Sources */,
				477970DD1C630306000F1196 /* AppDelegate.swift in Sources */,
				0256D3121C9978ED00B8CD4B /* NiceKicksViewController.swift in Sources */,
				02DED1D01C91D3740098DA39 /* KSNavigationController.swift in Sources */,
				0256D30A1C99775800B8CD4B /* SwiftModalWebVC.swift in Sources */,
				477970E51C630306000F1196 /* KickSwap.xcdatamodeld in Sources */,
				47AE58861C75F5D8007AB49E /* KSTimelineViewController.swift in Sources */,
				4789AC1D1C998076002907CA /* KSVoteViewController.swift in Sources */,
				472614831CB482190070CECA /* Notification.swift in Sources */,
				47BBC0F91C7E8B6D007DFF67 /* BlueViewcontroller.swift in Sources */,
				02DED1CE1C91D3460098DA39 /* KSTabBarController.swift in Sources */,
				47B90F071C7F6FA9006B4BD6 /* KSNewsViewController.swift in Sources */,
			);
			runOnlyForDeploymentPostprocessing = 0;
		};
/* End PBXSourcesBuildPhase section */

/* Begin PBXVariantGroup section */
		477970E01C630306000F1196 /* Main.storyboard */ = {
			isa = PBXVariantGroup;
			children = (
				477970E11C630306000F1196 /* Base */,
			);
			name = Main.storyboard;
			sourceTree = "<group>";
		};
		477970E81C630306000F1196 /* LaunchScreen.storyboard */ = {
			isa = PBXVariantGroup;
			children = (
				477970E91C630306000F1196 /* Base */,
			);
			name = LaunchScreen.storyboard;
			sourceTree = "<group>";
		};
/* End PBXVariantGroup section */

/* Begin XCBuildConfiguration section */
		477970EC1C630306000F1196 /* Debug */ = {
			isa = XCBuildConfiguration;
			buildSettings = {
				ALWAYS_SEARCH_USER_PATHS = NO;
				CLANG_CXX_LANGUAGE_STANDARD = "gnu++0x";
				CLANG_CXX_LIBRARY = "libc++";
				CLANG_ENABLE_MODULES = YES;
				CLANG_ENABLE_OBJC_ARC = YES;
				CLANG_WARN_BOOL_CONVERSION = YES;
				CLANG_WARN_CONSTANT_CONVERSION = YES;
				CLANG_WARN_DIRECT_OBJC_ISA_USAGE = YES_ERROR;
				CLANG_WARN_EMPTY_BODY = YES;
				CLANG_WARN_ENUM_CONVERSION = YES;
				CLANG_WARN_INT_CONVERSION = YES;
				CLANG_WARN_OBJC_ROOT_CLASS = YES_ERROR;
				CLANG_WARN_UNREACHABLE_CODE = YES;
				CLANG_WARN__DUPLICATE_METHOD_MATCH = YES;
				"CODE_SIGN_IDENTITY[sdk=iphoneos*]" = "iPhone Developer";
				COPY_PHASE_STRIP = NO;
				DEBUG_INFORMATION_FORMAT = dwarf;
				ENABLE_STRICT_OBJC_MSGSEND = YES;
				ENABLE_TESTABILITY = YES;
				GCC_C_LANGUAGE_STANDARD = gnu99;
				GCC_DYNAMIC_NO_PIC = NO;
				GCC_NO_COMMON_BLOCKS = YES;
				GCC_OPTIMIZATION_LEVEL = 0;
				GCC_PREPROCESSOR_DEFINITIONS = (
					"DEBUG=1",
					"$(inherited)",
				);
				GCC_WARN_64_TO_32_BIT_CONVERSION = YES;
				GCC_WARN_ABOUT_RETURN_TYPE = YES_ERROR;
				GCC_WARN_UNDECLARED_SELECTOR = YES;
				GCC_WARN_UNINITIALIZED_AUTOS = YES_AGGRESSIVE;
				GCC_WARN_UNUSED_FUNCTION = YES;
				GCC_WARN_UNUSED_VARIABLE = YES;
				IPHONEOS_DEPLOYMENT_TARGET = 9.2;
				MTL_ENABLE_DEBUG_INFO = YES;
				ONLY_ACTIVE_ARCH = YES;
				SDKROOT = iphoneos;
				SWIFT_OPTIMIZATION_LEVEL = "-Onone";
				TARGETED_DEVICE_FAMILY = "1,2";
			};
			name = Debug;
		};
		477970ED1C630306000F1196 /* Release */ = {
			isa = XCBuildConfiguration;
			buildSettings = {
				ALWAYS_SEARCH_USER_PATHS = NO;
				CLANG_CXX_LANGUAGE_STANDARD = "gnu++0x";
				CLANG_CXX_LIBRARY = "libc++";
				CLANG_ENABLE_MODULES = YES;
				CLANG_ENABLE_OBJC_ARC = YES;
				CLANG_WARN_BOOL_CONVERSION = YES;
				CLANG_WARN_CONSTANT_CONVERSION = YES;
				CLANG_WARN_DIRECT_OBJC_ISA_USAGE = YES_ERROR;
				CLANG_WARN_EMPTY_BODY = YES;
				CLANG_WARN_ENUM_CONVERSION = YES;
				CLANG_WARN_INT_CONVERSION = YES;
				CLANG_WARN_OBJC_ROOT_CLASS = YES_ERROR;
				CLANG_WARN_UNREACHABLE_CODE = YES;
				CLANG_WARN__DUPLICATE_METHOD_MATCH = YES;
				"CODE_SIGN_IDENTITY[sdk=iphoneos*]" = "iPhone Developer";
				COPY_PHASE_STRIP = NO;
				DEBUG_INFORMATION_FORMAT = "dwarf-with-dsym";
				ENABLE_NS_ASSERTIONS = NO;
				ENABLE_STRICT_OBJC_MSGSEND = YES;
				GCC_C_LANGUAGE_STANDARD = gnu99;
				GCC_NO_COMMON_BLOCKS = YES;
				GCC_WARN_64_TO_32_BIT_CONVERSION = YES;
				GCC_WARN_ABOUT_RETURN_TYPE = YES_ERROR;
				GCC_WARN_UNDECLARED_SELECTOR = YES;
				GCC_WARN_UNINITIALIZED_AUTOS = YES_AGGRESSIVE;
				GCC_WARN_UNUSED_FUNCTION = YES;
				GCC_WARN_UNUSED_VARIABLE = YES;
				IPHONEOS_DEPLOYMENT_TARGET = 9.2;
				MTL_ENABLE_DEBUG_INFO = NO;
				SDKROOT = iphoneos;
				TARGETED_DEVICE_FAMILY = "1,2";
				VALIDATE_PRODUCT = YES;
			};
			name = Release;
		};
		477970EF1C630306000F1196 /* Debug */ = {
			isa = XCBuildConfiguration;
			baseConfigurationReference = 0867FD7A28CB1F17815AD610 /* Pods-KickSwap.debug.xcconfig */;
			buildSettings = {
				ASSETCATALOG_COMPILER_APPICON_NAME = AppIcon;
				CODE_SIGN_IDENTITY = "iPhone Developer";
				"CODE_SIGN_IDENTITY[sdk=iphoneos*]" = "iPhone Developer";
				INFOPLIST_FILE = KickSwap/Info.plist;
				IPHONEOS_DEPLOYMENT_TARGET = 9.3;
				LD_RUNPATH_SEARCH_PATHS = "$(inherited) @executable_path/Frameworks";
				PRODUCT_BUNDLE_IDENTIFIER = d3vcon.kickSwap;
				PRODUCT_NAME = "$(TARGET_NAME)";
				PROVISIONING_PROFILE = "";
			};
			name = Debug;
		};
		477970F01C630306000F1196 /* Release */ = {
			isa = XCBuildConfiguration;
			baseConfigurationReference = FE76C2C7EF0E648EAF4EA733 /* Pods-KickSwap.release.xcconfig */;
			buildSettings = {
				ASSETCATALOG_COMPILER_APPICON_NAME = AppIcon;
				CODE_SIGN_IDENTITY = "iPhone Developer";
				"CODE_SIGN_IDENTITY[sdk=iphoneos*]" = "iPhone Developer";
				INFOPLIST_FILE = KickSwap/Info.plist;
				IPHONEOS_DEPLOYMENT_TARGET = 9.3;
				LD_RUNPATH_SEARCH_PATHS = "$(inherited) @executable_path/Frameworks";
				PRODUCT_BUNDLE_IDENTIFIER = d3vcon.kickSwap;
				PRODUCT_NAME = "$(TARGET_NAME)";
				PROVISIONING_PROFILE = "";
				SWIFT_OPTIMIZATION_LEVEL = "-Onone";
			};
			name = Release;
		};
/* End XCBuildConfiguration section */

/* Begin XCConfigurationList section */
		477970D41C630306000F1196 /* Build configuration list for PBXProject "KickSwap" */ = {
			isa = XCConfigurationList;
			buildConfigurations = (
				477970EC1C630306000F1196 /* Debug */,
				477970ED1C630306000F1196 /* Release */,
			);
			defaultConfigurationIsVisible = 0;
			defaultConfigurationName = Release;
		};
		477970EE1C630306000F1196 /* Build configuration list for PBXNativeTarget "KickSwap" */ = {
			isa = XCConfigurationList;
			buildConfigurations = (
				477970EF1C630306000F1196 /* Debug */,
				477970F01C630306000F1196 /* Release */,
			);
			defaultConfigurationIsVisible = 0;
			defaultConfigurationName = Release;
		};
/* End XCConfigurationList section */

/* Begin XCVersionGroup section */
		477970E31C630306000F1196 /* KickSwap.xcdatamodeld */ = {
			isa = XCVersionGroup;
			children = (
				477970E41C630306000F1196 /* KickSwap.xcdatamodel */,
			);
			currentVersion = 477970E41C630306000F1196 /* KickSwap.xcdatamodel */;
			path = KickSwap.xcdatamodeld;
			sourceTree = "<group>";
			versionGroupType = wrapper.xcdatamodel;
		};
/* End XCVersionGroup section */
	};
	rootObject = 477970D11C630306000F1196 /* Project object */;
}
